// !$*UTF8*$!
{
	archiveVersion = 1;
	classes = {
	};
	objectVersion = 46;
	objects = {

/* Begin PBXBuildFile section */
		52D3B8F0F12BE39A43BC846E /* libPods-InledcoPlantUITests.a in Frameworks */ = {isa = PBXBuildFile; fileRef = 56194A576B61331E05D66BF2 /* libPods-InledcoPlantUITests.a */; };
		6732A190DF17391BCCE6FA21 /* libPods-InledcoPlant.a in Frameworks */ = {isa = PBXBuildFile; fileRef = BF67D48BB6989E53CC483713 /* libPods-InledcoPlant.a */; };
		8F3848DA1E2E0E3700804034 /* main.m in Sources */ = {isa = PBXBuildFile; fileRef = 8F3848D91E2E0E3700804034 /* main.m */; };
		8F3848DD1E2E0E3700804034 /* AppDelegate.m in Sources */ = {isa = PBXBuildFile; fileRef = 8F3848DC1E2E0E3700804034 /* AppDelegate.m */; };
		8F3848E31E2E0E3700804034 /* Main.storyboard in Resources */ = {isa = PBXBuildFile; fileRef = 8F3848E11E2E0E3700804034 /* Main.storyboard */; };
		8F3848E51E2E0E3700804034 /* Assets.xcassets in Resources */ = {isa = PBXBuildFile; fileRef = 8F3848E41E2E0E3700804034 /* Assets.xcassets */; };
		8F3848E81E2E0E3700804034 /* LaunchScreen.storyboard in Resources */ = {isa = PBXBuildFile; fileRef = 8F3848E61E2E0E3700804034 /* LaunchScreen.storyboard */; };
		8F3848F31E2E0E3700804034 /* InledcoPlantTests.m in Sources */ = {isa = PBXBuildFile; fileRef = 8F3848F21E2E0E3700804034 /* InledcoPlantTests.m */; };
		8F3848FE1E2E0E3700804034 /* InledcoPlantUITests.m in Sources */ = {isa = PBXBuildFile; fileRef = 8F3848FD1E2E0E3700804034 /* InledcoPlantUITests.m */; };
		8F4418371ECC1AF80003EC59 /* check.png in Resources */ = {isa = PBXBuildFile; fileRef = 8F4418301ECC1AF80003EC59 /* check.png */; };
		8F4418381ECC1AF80003EC59 /* launch.png in Resources */ = {isa = PBXBuildFile; fileRef = 8F4418311ECC1AF80003EC59 /* launch.png */; };
		8F4418391ECC1AF80003EC59 /* LED.png in Resources */ = {isa = PBXBuildFile; fileRef = 8F4418321ECC1AF80003EC59 /* LED.png */; };
		8F44183A1ECC1AF80003EC59 /* leftmenu.png in Resources */ = {isa = PBXBuildFile; fileRef = 8F4418331ECC1AF80003EC59 /* leftmenu.png */; };
		8F44183B1ECC1AF80003EC59 /* redbluetooth.png in Resources */ = {isa = PBXBuildFile; fileRef = 8F4418341ECC1AF80003EC59 /* redbluetooth.png */; };
		8F44183C1ECC1AF80003EC59 /* save.png in Resources */ = {isa = PBXBuildFile; fileRef = 8F4418351ECC1AF80003EC59 /* save.png */; };
		8F44183D1ECC1AF80003EC59 /* uncheck.png in Resources */ = {isa = PBXBuildFile; fileRef = 8F4418361ECC1AF80003EC59 /* uncheck.png */; };
		8F4F7C961E483C830052636B /* DeviceGroupViewController.m in Sources */ = {isa = PBXBuildFile; fileRef = 8F4F7C941E483C830052636B /* DeviceGroupViewController.m */; };
		8F4F7C971E483C830052636B /* DeviceGroupViewController.xib in Resources */ = {isa = PBXBuildFile; fileRef = 8F4F7C951E483C830052636B /* DeviceGroupViewController.xib */; };
		8F4F7CBA1E4848BA0052636B /* GroupListTableViewCell.m in Sources */ = {isa = PBXBuildFile; fileRef = 8F4F7CB81E4848BA0052636B /* GroupListTableViewCell.m */; };
		8F4F7CBB1E4848BA0052636B /* GroupListTableViewCell.xib in Resources */ = {isa = PBXBuildFile; fileRef = 8F4F7CB91E4848BA0052636B /* GroupListTableViewCell.xib */; };
		8F4F7CCA1E485C490052636B /* BaseModelObject.m in Sources */ = {isa = PBXBuildFile; fileRef = 8F4F7CC91E485C490052636B /* BaseModelObject.m */; };
		8F4F7CCD1E485C630052636B /* DeviceGroupModel.m in Sources */ = {isa = PBXBuildFile; fileRef = 8F4F7CCC1E485C630052636B /* DeviceGroupModel.m */; };
		8F4F7CD41E4861E70052636B /* TooltipManager.m in Sources */ = {isa = PBXBuildFile; fileRef = 8F4F7CD31E4861E70052636B /* TooltipManager.m */; };
		8F6750AE1E441F6100CB7539 /* CycleSetViewController.m in Sources */ = {isa = PBXBuildFile; fileRef = 8F6750AC1E441F6100CB7539 /* CycleSetViewController.m */; };
		8F6750AF1E441F6100CB7539 /* CycleSetViewController.xib in Resources */ = {isa = PBXBuildFile; fileRef = 8F6750AD1E441F6100CB7539 /* CycleSetViewController.xib */; };
		8F6750B21E44559000CB7539 /* DeviceTableViewHeaderView.m in Sources */ = {isa = PBXBuildFile; fileRef = 8F6750B11E44559000CB7539 /* DeviceTableViewHeaderView.m */; };
		8F6750B81E445A4C00CB7539 /* ScanViewController.m in Sources */ = {isa = PBXBuildFile; fileRef = 8F6750B61E445A4C00CB7539 /* ScanViewController.m */; };
		8F6750B91E445A4C00CB7539 /* ScanViewController.xib in Resources */ = {isa = PBXBuildFile; fileRef = 8F6750B71E445A4C00CB7539 /* ScanViewController.xib */; };
		8F6750BD1E44618F00CB7539 /* DeviceTableViewHeaderView.xib in Resources */ = {isa = PBXBuildFile; fileRef = 8F6750BC1E44618F00CB7539 /* DeviceTableViewHeaderView.xib */; };
		8F6C00A21ECD359B00C5D851 /* LGSideMenuBorderView.m in Sources */ = {isa = PBXBuildFile; fileRef = 8F6C00951ECD359B00C5D851 /* LGSideMenuBorderView.m */; };
		8F6C00A31ECD359B00C5D851 /* LGSideMenuController.m in Sources */ = {isa = PBXBuildFile; fileRef = 8F6C00971ECD359B00C5D851 /* LGSideMenuController.m */; };
		8F6C00A41ECD359B00C5D851 /* LGSideMenuGesturesHandler.m in Sources */ = {isa = PBXBuildFile; fileRef = 8F6C00991ECD359B00C5D851 /* LGSideMenuGesturesHandler.m */; };
		8F6C00A51ECD359B00C5D851 /* LGSideMenuHelper.m in Sources */ = {isa = PBXBuildFile; fileRef = 8F6C009B1ECD359B00C5D851 /* LGSideMenuHelper.m */; };
		8F6C00A61ECD359B00C5D851 /* LGSideMenuSegue.m in Sources */ = {isa = PBXBuildFile; fileRef = 8F6C009D1ECD359B00C5D851 /* LGSideMenuSegue.m */; };
		8F6C00A71ECD359B00C5D851 /* LGSideMenuView.m in Sources */ = {isa = PBXBuildFile; fileRef = 8F6C009F1ECD359B00C5D851 /* LGSideMenuView.m */; };
		8F6C00A81ECD359B00C5D851 /* UIViewController+LGSideMenuController.m in Sources */ = {isa = PBXBuildFile; fileRef = 8F6C00A11ECD359B00C5D851 /* UIViewController+LGSideMenuController.m */; };
		8F6C63171EE9290A00ABC799 /* CycleSettingModel.m in Sources */ = {isa = PBXBuildFile; fileRef = 8F6C63161EE9290A00ABC799 /* CycleSettingModel.m */; };
		8F6E292F1EF75B7B008B8C67 /* delete.png in Resources */ = {isa = PBXBuildFile; fileRef = 8F6E292D1EF75B7B008B8C67 /* delete.png */; };
		8F6E29301EF75B7B008B8C67 /* deletegray.png in Resources */ = {isa = PBXBuildFile; fileRef = 8F6E292E1EF75B7B008B8C67 /* deletegray.png */; };
		8F6E29311EF7C21A008B8C67 /* BLEManager.h in Sources */ = {isa = PBXBuildFile; fileRef = 8F937E2C1EC99404002E00F6 /* BLEManager.h */; };
		8F6EC1281E4C43E500D32171 /* DeviceModel.m in Sources */ = {isa = PBXBuildFile; fileRef = 8F6EC1271E4C43E500D32171 /* DeviceModel.m */; };
		8F6EC12B1E4C44C700D32171 /* CoreBluetooth.framework in Frameworks */ = {isa = PBXBuildFile; fileRef = 8F6EC12A1E4C44C700D32171 /* CoreBluetooth.framework */; };
		8F6EC12D1E4C44D200D32171 /* libsqlite3.0.tbd in Frameworks */ = {isa = PBXBuildFile; fileRef = 8F6EC12C1E4C44D200D32171 /* libsqlite3.0.tbd */; };
		8F6EC13B1E4C551F00D32171 /* FMDatabase.m in Sources */ = {isa = PBXBuildFile; fileRef = 8F6EC1301E4C551F00D32171 /* FMDatabase.m */; };
		8F6EC13C1E4C551F00D32171 /* FMDatabaseAdditions.m in Sources */ = {isa = PBXBuildFile; fileRef = 8F6EC1321E4C551F00D32171 /* FMDatabaseAdditions.m */; };
		8F6EC13D1E4C551F00D32171 /* FMDatabasePool.m in Sources */ = {isa = PBXBuildFile; fileRef = 8F6EC1341E4C551F00D32171 /* FMDatabasePool.m */; };
		8F6EC13E1E4C551F00D32171 /* FMDatabaseQueue.m in Sources */ = {isa = PBXBuildFile; fileRef = 8F6EC1361E4C551F00D32171 /* FMDatabaseQueue.m */; };
		8F6EC13F1E4C551F00D32171 /* FMResultSet.m in Sources */ = {isa = PBXBuildFile; fileRef = 8F6EC1391E4C551F00D32171 /* FMResultSet.m */; };
		8F6EC1401E4C551F00D32171 /* Info.plist in Resources */ = {isa = PBXBuildFile; fileRef = 8F6EC13A1E4C551F00D32171 /* Info.plist */; };
		8F6EC1441E4C6BC600D32171 /* DatabaseManager.m in Sources */ = {isa = PBXBuildFile; fileRef = 8F6EC1431E4C6BC600D32171 /* DatabaseManager.m */; };
		8F753E5E1EEF73620063520C /* unlock.png in Resources */ = {isa = PBXBuildFile; fileRef = 8F753E5D1EEF73620063520C /* unlock.png */; };
		8F753E621EEF75070063520C /* lock.png in Resources */ = {isa = PBXBuildFile; fileRef = 8F753E611EEF75070063520C /* lock.png */; };
		8F753E641EEF75D10063520C /* edit.png in Resources */ = {isa = PBXBuildFile; fileRef = 8F753E631EEF75D10063520C /* edit.png */; };
		8F753E661EEF77000063520C /* editdisable.png in Resources */ = {isa = PBXBuildFile; fileRef = 8F753E651EEF77000063520C /* editdisable.png */; };
		8F753E691EEF77C70063520C /* timer.png in Resources */ = {isa = PBXBuildFile; fileRef = 8F753E671EEF77C70063520C /* timer.png */; };
		8F753E6A1EEF77C70063520C /* timerdisable.png in Resources */ = {isa = PBXBuildFile; fileRef = 8F753E681EEF77C70063520C /* timerdisable.png */; };
		8F753E6E1EEF78300063520C /* powerdisable.png in Resources */ = {isa = PBXBuildFile; fileRef = 8F753E6B1EEF78300063520C /* powerdisable.png */; };
		8F753E6F1EEF78300063520C /* poweroff.png in Resources */ = {isa = PBXBuildFile; fileRef = 8F753E6C1EEF78300063520C /* poweroff.png */; };
		8F753E701EEF78300063520C /* poweron.png in Resources */ = {isa = PBXBuildFile; fileRef = 8F753E6D1EEF78300063520C /* poweron.png */; };
		8F753E731EEF812D0063520C /* manual.png in Resources */ = {isa = PBXBuildFile; fileRef = 8F753E711EEF812D0063520C /* manual.png */; };
		8F753E741EEF812D0063520C /* manualdisable.png in Resources */ = {isa = PBXBuildFile; fileRef = 8F753E721EEF812D0063520C /* manualdisable.png */; };
		8F753E781EEFCDA30063520C /* add.png in Resources */ = {isa = PBXBuildFile; fileRef = 8F753E771EEFCDA30063520C /* add.png */; };
		8F7C57921E2F1182004AFCDB /* FGLanguageTool.m in Sources */ = {isa = PBXBuildFile; fileRef = 8F7C57911E2F1182004AFCDB /* FGLanguageTool.m */; };
		8F7C57A21E2F39F5004AFCDB /* Localizable.strings in Resources */ = {isa = PBXBuildFile; fileRef = 8F7C57A41E2F39F5004AFCDB /* Localizable.strings */; };
		8F7C57AB1E2F3E52004AFCDB /* BaseViewController.m in Sources */ = {isa = PBXBuildFile; fileRef = 8F7C57AA1E2F3E52004AFCDB /* BaseViewController.m */; };
		8F7C57B21E2F3EAB004AFCDB /* DeviceViewController.m in Sources */ = {isa = PBXBuildFile; fileRef = 8F7C57B11E2F3EAB004AFCDB /* DeviceViewController.m */; };
		8F825B6D1EE6B076007F1A62 /* ManualDimmingView.m in Sources */ = {isa = PBXBuildFile; fileRef = 8F825B6C1EE6B076007F1A62 /* ManualDimmingView.m */; };
		8F86A7F31ED2985A004B5632 /* StringRelatedManager.m in Sources */ = {isa = PBXBuildFile; fileRef = 8F86A7F21ED2985A004B5632 /* StringRelatedManager.m */; };
		8F86A7F61ED2C579004B5632 /* DeviceParameterModel.m in Sources */ = {isa = PBXBuildFile; fileRef = 8F86A7F51ED2C579004B5632 /* DeviceParameterModel.m */; };
		8F86A83C1ED2EFD1004B5632 /* ColorDimmingTableViewCell.m in Sources */ = {isa = PBXBuildFile; fileRef = 8F86A83B1ED2EFD1004B5632 /* ColorDimmingTableViewCell.m */; };
		8F89E57D1E45BCE300847CC3 /* GroupDeviceTableViewCell.m in Sources */ = {isa = PBXBuildFile; fileRef = 8F89E57B1E45BCE300847CC3 /* GroupDeviceTableViewCell.m */; };
		8F89E57E1E45BCE300847CC3 /* GroupDeviceTableViewCell.xib in Resources */ = {isa = PBXBuildFile; fileRef = 8F89E57C1E45BCE300847CC3 /* GroupDeviceTableViewCell.xib */; };
		8F937E201EC94720002E00F6 /* DeviceScanCell.m in Sources */ = {isa = PBXBuildFile; fileRef = 8F937E1F1EC94720002E00F6 /* DeviceScanCell.m */; };
		8F937E311EC99404002E00F6 /* DeviceInfo.m in Sources */ = {isa = PBXBuildFile; fileRef = 8F937E2E1EC99404002E00F6 /* DeviceInfo.m */; };
		8F937E321EC99404002E00F6 /* libBLEManager.a in Frameworks */ = {isa = PBXBuildFile; fileRef = 8F937E2F1EC99404002E00F6 /* libBLEManager.a */; };
		8F937E351EC9A495002E00F6 /* BlueToothManager.m in Sources */ = {isa = PBXBuildFile; fileRef = 8F937E341EC9A495002E00F6 /* BlueToothManager.m */; };
		8F97E3EE1EEE7A4F00FF1921 /* DeviceDataType.m in Sources */ = {isa = PBXBuildFile; fileRef = 8F97E3ED1EEE7A4F00FF1921 /* DeviceDataType.m */; };
		8FA30C4C1EDEB16A002AD25C /* ECOPlantParameterModel.m in Sources */ = {isa = PBXBuildFile; fileRef = 8FA30C4B1EDEB16A002AD25C /* ECOPlantParameterModel.m */; };
		8FE48E0F1E49A9780070413D /* EditAlertView.m in Sources */ = {isa = PBXBuildFile; fileRef = 8FE48E0E1E49A9780070413D /* EditAlertView.m */; };
		AAD834EE05759EB28903C950 /* libPods-InledcoPlantTests.a in Frameworks */ = {isa = PBXBuildFile; fileRef = 08F32937B4DE6AAC0336B0ED /* libPods-InledcoPlantTests.a */; };
/* End PBXBuildFile section */

/* Begin PBXContainerItemProxy section */
		8F3848EF1E2E0E3700804034 /* PBXContainerItemProxy */ = {
			isa = PBXContainerItemProxy;
			containerPortal = 8F3848CD1E2E0E3600804034 /* Project object */;
			proxyType = 1;
			remoteGlobalIDString = 8F3848D41E2E0E3700804034;
			remoteInfo = InledcoPlant;
		};
		8F3848FA1E2E0E3700804034 /* PBXContainerItemProxy */ = {
			isa = PBXContainerItemProxy;
			containerPortal = 8F3848CD1E2E0E3600804034 /* Project object */;
			proxyType = 1;
			remoteGlobalIDString = 8F3848D41E2E0E3700804034;
			remoteInfo = InledcoPlant;
		};
/* End PBXContainerItemProxy section */

/* Begin PBXFileReference section */
		08F32937B4DE6AAC0336B0ED /* libPods-InledcoPlantTests.a */ = {isa = PBXFileReference; explicitFileType = archive.ar; includeInIndex = 0; path = "libPods-InledcoPlantTests.a"; sourceTree = BUILT_PRODUCTS_DIR; };
		161DDF868CF3D984EAAC6448 /* Pods-InledcoPlant.release.xcconfig */ = {isa = PBXFileReference; includeInIndex = 1; lastKnownFileType = text.xcconfig; name = "Pods-InledcoPlant.release.xcconfig"; path = "Pods/Target Support Files/Pods-InledcoPlant/Pods-InledcoPlant.release.xcconfig"; sourceTree = "<group>"; };
		325244E3D9B5277F72CDA94E /* Pods-InledcoPlantTests.debug.xcconfig */ = {isa = PBXFileReference; includeInIndex = 1; lastKnownFileType = text.xcconfig; name = "Pods-InledcoPlantTests.debug.xcconfig"; path = "Pods/Target Support Files/Pods-InledcoPlantTests/Pods-InledcoPlantTests.debug.xcconfig"; sourceTree = "<group>"; };
		56194A576B61331E05D66BF2 /* libPods-InledcoPlantUITests.a */ = {isa = PBXFileReference; explicitFileType = archive.ar; includeInIndex = 0; path = "libPods-InledcoPlantUITests.a"; sourceTree = BUILT_PRODUCTS_DIR; };
		8595184D22CD953DADD80F00 /* Pods-InledcoPlantTests.release.xcconfig */ = {isa = PBXFileReference; includeInIndex = 1; lastKnownFileType = text.xcconfig; name = "Pods-InledcoPlantTests.release.xcconfig"; path = "Pods/Target Support Files/Pods-InledcoPlantTests/Pods-InledcoPlantTests.release.xcconfig"; sourceTree = "<group>"; };
		88A1EE2F9EE7843FB5ABCF76 /* Pods-InledcoPlant.debug.xcconfig */ = {isa = PBXFileReference; includeInIndex = 1; lastKnownFileType = text.xcconfig; name = "Pods-InledcoPlant.debug.xcconfig"; path = "Pods/Target Support Files/Pods-InledcoPlant/Pods-InledcoPlant.debug.xcconfig"; sourceTree = "<group>"; };
		8F3848D51E2E0E3700804034 /* InledcoPlant.app */ = {isa = PBXFileReference; explicitFileType = wrapper.application; includeInIndex = 0; path = InledcoPlant.app; sourceTree = BUILT_PRODUCTS_DIR; };
		8F3848D91E2E0E3700804034 /* main.m */ = {isa = PBXFileReference; lastKnownFileType = sourcecode.c.objc; path = main.m; sourceTree = "<group>"; };
		8F3848DB1E2E0E3700804034 /* AppDelegate.h */ = {isa = PBXFileReference; lastKnownFileType = sourcecode.c.h; path = AppDelegate.h; sourceTree = "<group>"; };
		8F3848DC1E2E0E3700804034 /* AppDelegate.m */ = {isa = PBXFileReference; lastKnownFileType = sourcecode.c.objc; path = AppDelegate.m; sourceTree = "<group>"; };
		8F3848E21E2E0E3700804034 /* Base */ = {isa = PBXFileReference; lastKnownFileType = file.storyboard; name = Base; path = Base.lproj/Main.storyboard; sourceTree = "<group>"; };
		8F3848E41E2E0E3700804034 /* Assets.xcassets */ = {isa = PBXFileReference; lastKnownFileType = folder.assetcatalog; path = Assets.xcassets; sourceTree = "<group>"; };
		8F3848E71E2E0E3700804034 /* Base */ = {isa = PBXFileReference; lastKnownFileType = file.storyboard; name = Base; path = Base.lproj/LaunchScreen.storyboard; sourceTree = "<group>"; };
		8F3848E91E2E0E3700804034 /* Info.plist */ = {isa = PBXFileReference; lastKnownFileType = text.plist.xml; path = Info.plist; sourceTree = "<group>"; };
		8F3848EE1E2E0E3700804034 /* InledcoPlantTests.xctest */ = {isa = PBXFileReference; explicitFileType = wrapper.cfbundle; includeInIndex = 0; path = InledcoPlantTests.xctest; sourceTree = BUILT_PRODUCTS_DIR; };
		8F3848F21E2E0E3700804034 /* InledcoPlantTests.m */ = {isa = PBXFileReference; lastKnownFileType = sourcecode.c.objc; path = InledcoPlantTests.m; sourceTree = "<group>"; };
		8F3848F41E2E0E3700804034 /* Info.plist */ = {isa = PBXFileReference; lastKnownFileType = text.plist.xml; path = Info.plist; sourceTree = "<group>"; };
		8F3848F91E2E0E3700804034 /* InledcoPlantUITests.xctest */ = {isa = PBXFileReference; explicitFileType = wrapper.cfbundle; includeInIndex = 0; path = InledcoPlantUITests.xctest; sourceTree = BUILT_PRODUCTS_DIR; };
		8F3848FD1E2E0E3700804034 /* InledcoPlantUITests.m */ = {isa = PBXFileReference; lastKnownFileType = sourcecode.c.objc; path = InledcoPlantUITests.m; sourceTree = "<group>"; };
		8F3848FF1E2E0E3700804034 /* Info.plist */ = {isa = PBXFileReference; lastKnownFileType = text.plist.xml; path = Info.plist; sourceTree = "<group>"; };
		8F4418301ECC1AF80003EC59 /* check.png */ = {isa = PBXFileReference; lastKnownFileType = image.png; path = check.png; sourceTree = "<group>"; };
		8F4418311ECC1AF80003EC59 /* launch.png */ = {isa = PBXFileReference; lastKnownFileType = image.png; path = launch.png; sourceTree = "<group>"; };
		8F4418321ECC1AF80003EC59 /* LED.png */ = {isa = PBXFileReference; lastKnownFileType = image.png; path = LED.png; sourceTree = "<group>"; };
		8F4418331ECC1AF80003EC59 /* leftmenu.png */ = {isa = PBXFileReference; lastKnownFileType = image.png; path = leftmenu.png; sourceTree = "<group>"; };
		8F4418341ECC1AF80003EC59 /* redbluetooth.png */ = {isa = PBXFileReference; lastKnownFileType = image.png; path = redbluetooth.png; sourceTree = "<group>"; };
		8F4418351ECC1AF80003EC59 /* save.png */ = {isa = PBXFileReference; lastKnownFileType = image.png; path = save.png; sourceTree = "<group>"; };
		8F4418361ECC1AF80003EC59 /* uncheck.png */ = {isa = PBXFileReference; lastKnownFileType = image.png; path = uncheck.png; sourceTree = "<group>"; };
		8F4F7C931E483C830052636B /* DeviceGroupViewController.h */ = {isa = PBXFileReference; fileEncoding = 4; lastKnownFileType = sourcecode.c.h; path = DeviceGroupViewController.h; sourceTree = "<group>"; };
		8F4F7C941E483C830052636B /* DeviceGroupViewController.m */ = {isa = PBXFileReference; fileEncoding = 4; lastKnownFileType = sourcecode.c.objc; path = DeviceGroupViewController.m; sourceTree = "<group>"; };
		8F4F7C951E483C830052636B /* DeviceGroupViewController.xib */ = {isa = PBXFileReference; fileEncoding = 4; lastKnownFileType = file.xib; path = DeviceGroupViewController.xib; sourceTree = "<group>"; };
		8F4F7CB71E4848BA0052636B /* GroupListTableViewCell.h */ = {isa = PBXFileReference; fileEncoding = 4; lastKnownFileType = sourcecode.c.h; path = GroupListTableViewCell.h; sourceTree = "<group>"; };
		8F4F7CB81E4848BA0052636B /* GroupListTableViewCell.m */ = {isa = PBXFileReference; fileEncoding = 4; lastKnownFileType = sourcecode.c.objc; path = GroupListTableViewCell.m; sourceTree = "<group>"; };
		8F4F7CB91E4848BA0052636B /* GroupListTableViewCell.xib */ = {isa = PBXFileReference; fileEncoding = 4; lastKnownFileType = file.xib; path = GroupListTableViewCell.xib; sourceTree = "<group>"; };
		8F4F7CC81E485C490052636B /* BaseModelObject.h */ = {isa = PBXFileReference; fileEncoding = 4; lastKnownFileType = sourcecode.c.h; path = BaseModelObject.h; sourceTree = "<group>"; };
		8F4F7CC91E485C490052636B /* BaseModelObject.m */ = {isa = PBXFileReference; fileEncoding = 4; lastKnownFileType = sourcecode.c.objc; path = BaseModelObject.m; sourceTree = "<group>"; };
		8F4F7CCB1E485C630052636B /* DeviceGroupModel.h */ = {isa = PBXFileReference; fileEncoding = 4; lastKnownFileType = sourcecode.c.h; path = DeviceGroupModel.h; sourceTree = "<group>"; };
		8F4F7CCC1E485C630052636B /* DeviceGroupModel.m */ = {isa = PBXFileReference; fileEncoding = 4; lastKnownFileType = sourcecode.c.objc; path = DeviceGroupModel.m; sourceTree = "<group>"; };
		8F4F7CD21E4861E70052636B /* TooltipManager.h */ = {isa = PBXFileReference; fileEncoding = 4; lastKnownFileType = sourcecode.c.h; path = TooltipManager.h; sourceTree = "<group>"; };
		8F4F7CD31E4861E70052636B /* TooltipManager.m */ = {isa = PBXFileReference; fileEncoding = 4; lastKnownFileType = sourcecode.c.objc; path = TooltipManager.m; sourceTree = "<group>"; };
		8F4F7CD51E4864740052636B /* PrefixHeader.pch */ = {isa = PBXFileReference; lastKnownFileType = sourcecode.c.h; path = PrefixHeader.pch; sourceTree = "<group>"; };
		8F4F7CD61E486D000052636B /* GlobalHeader.h */ = {isa = PBXFileReference; lastKnownFileType = sourcecode.c.h; path = GlobalHeader.h; sourceTree = "<group>"; };
		8F6750AB1E441F6100CB7539 /* CycleSetViewController.h */ = {isa = PBXFileReference; fileEncoding = 4; lastKnownFileType = sourcecode.c.h; path = CycleSetViewController.h; sourceTree = "<group>"; };
		8F6750AC1E441F6100CB7539 /* CycleSetViewController.m */ = {isa = PBXFileReference; fileEncoding = 4; lastKnownFileType = sourcecode.c.objc; path = CycleSetViewController.m; sourceTree = "<group>"; };
		8F6750AD1E441F6100CB7539 /* CycleSetViewController.xib */ = {isa = PBXFileReference; fileEncoding = 4; lastKnownFileType = file.xib; path = CycleSetViewController.xib; sourceTree = "<group>"; };
		8F6750B01E44559000CB7539 /* DeviceTableViewHeaderView.h */ = {isa = PBXFileReference; fileEncoding = 4; lastKnownFileType = sourcecode.c.h; path = DeviceTableViewHeaderView.h; sourceTree = "<group>"; };
		8F6750B11E44559000CB7539 /* DeviceTableViewHeaderView.m */ = {isa = PBXFileReference; fileEncoding = 4; lastKnownFileType = sourcecode.c.objc; path = DeviceTableViewHeaderView.m; sourceTree = "<group>"; };
		8F6750B51E445A4C00CB7539 /* ScanViewController.h */ = {isa = PBXFileReference; fileEncoding = 4; lastKnownFileType = sourcecode.c.h; path = ScanViewController.h; sourceTree = "<group>"; };
		8F6750B61E445A4C00CB7539 /* ScanViewController.m */ = {isa = PBXFileReference; fileEncoding = 4; lastKnownFileType = sourcecode.c.objc; path = ScanViewController.m; sourceTree = "<group>"; };
		8F6750B71E445A4C00CB7539 /* ScanViewController.xib */ = {isa = PBXFileReference; fileEncoding = 4; lastKnownFileType = file.xib; path = ScanViewController.xib; sourceTree = "<group>"; };
		8F6750BC1E44618F00CB7539 /* DeviceTableViewHeaderView.xib */ = {isa = PBXFileReference; fileEncoding = 4; lastKnownFileType = file.xib; path = DeviceTableViewHeaderView.xib; sourceTree = "<group>"; };
		8F6C00941ECD359B00C5D851 /* LGSideMenuBorderView.h */ = {isa = PBXFileReference; fileEncoding = 4; lastKnownFileType = sourcecode.c.h; path = LGSideMenuBorderView.h; sourceTree = "<group>"; };
		8F6C00951ECD359B00C5D851 /* LGSideMenuBorderView.m */ = {isa = PBXFileReference; fileEncoding = 4; lastKnownFileType = sourcecode.c.objc; path = LGSideMenuBorderView.m; sourceTree = "<group>"; };
		8F6C00961ECD359B00C5D851 /* LGSideMenuController.h */ = {isa = PBXFileReference; fileEncoding = 4; lastKnownFileType = sourcecode.c.h; path = LGSideMenuController.h; sourceTree = "<group>"; };
		8F6C00971ECD359B00C5D851 /* LGSideMenuController.m */ = {isa = PBXFileReference; fileEncoding = 4; lastKnownFileType = sourcecode.c.objc; path = LGSideMenuController.m; sourceTree = "<group>"; };
		8F6C00981ECD359B00C5D851 /* LGSideMenuGesturesHandler.h */ = {isa = PBXFileReference; fileEncoding = 4; lastKnownFileType = sourcecode.c.h; path = LGSideMenuGesturesHandler.h; sourceTree = "<group>"; };
		8F6C00991ECD359B00C5D851 /* LGSideMenuGesturesHandler.m */ = {isa = PBXFileReference; fileEncoding = 4; lastKnownFileType = sourcecode.c.objc; path = LGSideMenuGesturesHandler.m; sourceTree = "<group>"; };
		8F6C009A1ECD359B00C5D851 /* LGSideMenuHelper.h */ = {isa = PBXFileReference; fileEncoding = 4; lastKnownFileType = sourcecode.c.h; path = LGSideMenuHelper.h; sourceTree = "<group>"; };
		8F6C009B1ECD359B00C5D851 /* LGSideMenuHelper.m */ = {isa = PBXFileReference; fileEncoding = 4; lastKnownFileType = sourcecode.c.objc; path = LGSideMenuHelper.m; sourceTree = "<group>"; };
		8F6C009C1ECD359B00C5D851 /* LGSideMenuSegue.h */ = {isa = PBXFileReference; fileEncoding = 4; lastKnownFileType = sourcecode.c.h; path = LGSideMenuSegue.h; sourceTree = "<group>"; };
		8F6C009D1ECD359B00C5D851 /* LGSideMenuSegue.m */ = {isa = PBXFileReference; fileEncoding = 4; lastKnownFileType = sourcecode.c.objc; path = LGSideMenuSegue.m; sourceTree = "<group>"; };
		8F6C009E1ECD359B00C5D851 /* LGSideMenuView.h */ = {isa = PBXFileReference; fileEncoding = 4; lastKnownFileType = sourcecode.c.h; path = LGSideMenuView.h; sourceTree = "<group>"; };
		8F6C009F1ECD359B00C5D851 /* LGSideMenuView.m */ = {isa = PBXFileReference; fileEncoding = 4; lastKnownFileType = sourcecode.c.objc; path = LGSideMenuView.m; sourceTree = "<group>"; };
		8F6C00A01ECD359B00C5D851 /* UIViewController+LGSideMenuController.h */ = {isa = PBXFileReference; fileEncoding = 4; lastKnownFileType = sourcecode.c.h; path = "UIViewController+LGSideMenuController.h"; sourceTree = "<group>"; };
		8F6C00A11ECD359B00C5D851 /* UIViewController+LGSideMenuController.m */ = {isa = PBXFileReference; fileEncoding = 4; lastKnownFileType = sourcecode.c.objc; path = "UIViewController+LGSideMenuController.m"; sourceTree = "<group>"; };
		8F6C63151EE9290A00ABC799 /* CycleSettingModel.h */ = {isa = PBXFileReference; fileEncoding = 4; lastKnownFileType = sourcecode.c.h; path = CycleSettingModel.h; sourceTree = "<group>"; };
		8F6C63161EE9290A00ABC799 /* CycleSettingModel.m */ = {isa = PBXFileReference; fileEncoding = 4; lastKnownFileType = sourcecode.c.objc; path = CycleSettingModel.m; sourceTree = "<group>"; };
		8F6E292D1EF75B7B008B8C67 /* delete.png */ = {isa = PBXFileReference; lastKnownFileType = image.png; path = delete.png; sourceTree = "<group>"; };
		8F6E292E1EF75B7B008B8C67 /* deletegray.png */ = {isa = PBXFileReference; lastKnownFileType = image.png; path = deletegray.png; sourceTree = "<group>"; };
		8F6EC1261E4C43E500D32171 /* DeviceModel.h */ = {isa = PBXFileReference; fileEncoding = 4; lastKnownFileType = sourcecode.c.h; path = DeviceModel.h; sourceTree = "<group>"; };
		8F6EC1271E4C43E500D32171 /* DeviceModel.m */ = {isa = PBXFileReference; fileEncoding = 4; lastKnownFileType = sourcecode.c.objc; path = DeviceModel.m; sourceTree = "<group>"; };
		8F6EC12A1E4C44C700D32171 /* CoreBluetooth.framework */ = {isa = PBXFileReference; lastKnownFileType = wrapper.framework; name = CoreBluetooth.framework; path = System/Library/Frameworks/CoreBluetooth.framework; sourceTree = SDKROOT; };
		8F6EC12C1E4C44D200D32171 /* libsqlite3.0.tbd */ = {isa = PBXFileReference; lastKnownFileType = "sourcecode.text-based-dylib-definition"; name = libsqlite3.0.tbd; path = usr/lib/libsqlite3.0.tbd; sourceTree = SDKROOT; };
		8F6EC12F1E4C551F00D32171 /* FMDatabase.h */ = {isa = PBXFileReference; fileEncoding = 4; lastKnownFileType = sourcecode.c.h; path = FMDatabase.h; sourceTree = "<group>"; };
		8F6EC1301E4C551F00D32171 /* FMDatabase.m */ = {isa = PBXFileReference; fileEncoding = 4; lastKnownFileType = sourcecode.c.objc; path = FMDatabase.m; sourceTree = "<group>"; };
		8F6EC1311E4C551F00D32171 /* FMDatabaseAdditions.h */ = {isa = PBXFileReference; fileEncoding = 4; lastKnownFileType = sourcecode.c.h; path = FMDatabaseAdditions.h; sourceTree = "<group>"; };
		8F6EC1321E4C551F00D32171 /* FMDatabaseAdditions.m */ = {isa = PBXFileReference; fileEncoding = 4; lastKnownFileType = sourcecode.c.objc; path = FMDatabaseAdditions.m; sourceTree = "<group>"; };
		8F6EC1331E4C551F00D32171 /* FMDatabasePool.h */ = {isa = PBXFileReference; fileEncoding = 4; lastKnownFileType = sourcecode.c.h; path = FMDatabasePool.h; sourceTree = "<group>"; };
		8F6EC1341E4C551F00D32171 /* FMDatabasePool.m */ = {isa = PBXFileReference; fileEncoding = 4; lastKnownFileType = sourcecode.c.objc; path = FMDatabasePool.m; sourceTree = "<group>"; };
		8F6EC1351E4C551F00D32171 /* FMDatabaseQueue.h */ = {isa = PBXFileReference; fileEncoding = 4; lastKnownFileType = sourcecode.c.h; path = FMDatabaseQueue.h; sourceTree = "<group>"; };
		8F6EC1361E4C551F00D32171 /* FMDatabaseQueue.m */ = {isa = PBXFileReference; fileEncoding = 4; lastKnownFileType = sourcecode.c.objc; path = FMDatabaseQueue.m; sourceTree = "<group>"; };
		8F6EC1371E4C551F00D32171 /* FMDB.h */ = {isa = PBXFileReference; fileEncoding = 4; lastKnownFileType = sourcecode.c.h; path = FMDB.h; sourceTree = "<group>"; };
		8F6EC1381E4C551F00D32171 /* FMResultSet.h */ = {isa = PBXFileReference; fileEncoding = 4; lastKnownFileType = sourcecode.c.h; path = FMResultSet.h; sourceTree = "<group>"; };
		8F6EC1391E4C551F00D32171 /* FMResultSet.m */ = {isa = PBXFileReference; fileEncoding = 4; lastKnownFileType = sourcecode.c.objc; path = FMResultSet.m; sourceTree = "<group>"; };
		8F6EC13A1E4C551F00D32171 /* Info.plist */ = {isa = PBXFileReference; fileEncoding = 4; lastKnownFileType = text.plist.xml; path = Info.plist; sourceTree = "<group>"; };
		8F6EC1421E4C6BC600D32171 /* DatabaseManager.h */ = {isa = PBXFileReference; fileEncoding = 4; lastKnownFileType = sourcecode.c.h; path = DatabaseManager.h; sourceTree = "<group>"; };
		8F6EC1431E4C6BC600D32171 /* DatabaseManager.m */ = {isa = PBXFileReference; fileEncoding = 4; lastKnownFileType = sourcecode.c.objc; path = DatabaseManager.m; sourceTree = "<group>"; };
		8F7238B71ED3C45C000F400E /* ColorSlider.h */ = {isa = PBXFileReference; fileEncoding = 4; lastKnownFileType = sourcecode.c.h; path = ColorSlider.h; sourceTree = "<group>"; };
		8F7238B81ED3C45C000F400E /* ColorSlider.m */ = {isa = PBXFileReference; fileEncoding = 4; lastKnownFileType = sourcecode.c.objc; path = ColorSlider.m; sourceTree = "<group>"; };
		8F753E5D1EEF73620063520C /* unlock.png */ = {isa = PBXFileReference; lastKnownFileType = image.png; path = unlock.png; sourceTree = "<group>"; };
		8F753E611EEF75070063520C /* lock.png */ = {isa = PBXFileReference; lastKnownFileType = image.png; path = lock.png; sourceTree = "<group>"; };
		8F753E631EEF75D10063520C /* edit.png */ = {isa = PBXFileReference; lastKnownFileType = image.png; path = edit.png; sourceTree = "<group>"; };
		8F753E651EEF77000063520C /* editdisable.png */ = {isa = PBXFileReference; lastKnownFileType = image.png; path = editdisable.png; sourceTree = "<group>"; };
		8F753E671EEF77C70063520C /* timer.png */ = {isa = PBXFileReference; lastKnownFileType = image.png; path = timer.png; sourceTree = "<group>"; };
		8F753E681EEF77C70063520C /* timerdisable.png */ = {isa = PBXFileReference; lastKnownFileType = image.png; path = timerdisable.png; sourceTree = "<group>"; };
		8F753E6B1EEF78300063520C /* powerdisable.png */ = {isa = PBXFileReference; lastKnownFileType = image.png; path = powerdisable.png; sourceTree = "<group>"; };
		8F753E6C1EEF78300063520C /* poweroff.png */ = {isa = PBXFileReference; lastKnownFileType = image.png; path = poweroff.png; sourceTree = "<group>"; };
		8F753E6D1EEF78300063520C /* poweron.png */ = {isa = PBXFileReference; lastKnownFileType = image.png; path = poweron.png; sourceTree = "<group>"; };
		8F753E711EEF812D0063520C /* manual.png */ = {isa = PBXFileReference; lastKnownFileType = image.png; path = manual.png; sourceTree = "<group>"; };
		8F753E721EEF812D0063520C /* manualdisable.png */ = {isa = PBXFileReference; lastKnownFileType = image.png; path = manualdisable.png; sourceTree = "<group>"; };
		8F753E771EEFCDA30063520C /* add.png */ = {isa = PBXFileReference; lastKnownFileType = image.png; path = add.png; sourceTree = "<group>"; };
		8F7C57901E2F1182004AFCDB /* FGLanguageTool.h */ = {isa = PBXFileReference; fileEncoding = 4; lastKnownFileType = sourcecode.c.h; path = FGLanguageTool.h; sourceTree = "<group>"; };
		8F7C57911E2F1182004AFCDB /* FGLanguageTool.m */ = {isa = PBXFileReference; fileEncoding = 4; lastKnownFileType = sourcecode.c.objc; path = FGLanguageTool.m; sourceTree = "<group>"; };
		8F7C57931E2F360A004AFCDB /* fr */ = {isa = PBXFileReference; lastKnownFileType = text.plist.strings; name = fr; path = fr.lproj/Main.strings; sourceTree = "<group>"; };
		8F7C57941E2F360A004AFCDB /* fr */ = {isa = PBXFileReference; lastKnownFileType = text.plist.strings; name = fr; path = fr.lproj/LaunchScreen.strings; sourceTree = "<group>"; };
		8F7C57951E2F3613004AFCDB /* de */ = {isa = PBXFileReference; lastKnownFileType = text.plist.strings; name = de; path = de.lproj/Main.strings; sourceTree = "<group>"; };
		8F7C57961E2F3613004AFCDB /* de */ = {isa = PBXFileReference; lastKnownFileType = text.plist.strings; name = de; path = de.lproj/LaunchScreen.strings; sourceTree = "<group>"; };
		8F7C57A31E2F39F5004AFCDB /* en */ = {isa = PBXFileReference; lastKnownFileType = text.plist.strings; name = en; path = en.lproj/Localizable.strings; sourceTree = "<group>"; };
		8F7C57A51E2F39F7004AFCDB /* fr */ = {isa = PBXFileReference; lastKnownFileType = text.plist.strings; name = fr; path = fr.lproj/Localizable.strings; sourceTree = "<group>"; };
		8F7C57A61E2F39F8004AFCDB /* de */ = {isa = PBXFileReference; lastKnownFileType = text.plist.strings; name = de; path = de.lproj/Localizable.strings; sourceTree = "<group>"; };
		8F7C57A91E2F3E52004AFCDB /* BaseViewController.h */ = {isa = PBXFileReference; fileEncoding = 4; lastKnownFileType = sourcecode.c.h; path = BaseViewController.h; sourceTree = "<group>"; };
		8F7C57AA1E2F3E52004AFCDB /* BaseViewController.m */ = {isa = PBXFileReference; fileEncoding = 4; lastKnownFileType = sourcecode.c.objc; path = BaseViewController.m; sourceTree = "<group>"; };
		8F7C57B01E2F3EAB004AFCDB /* DeviceViewController.h */ = {isa = PBXFileReference; fileEncoding = 4; lastKnownFileType = sourcecode.c.h; path = DeviceViewController.h; sourceTree = "<group>"; };
		8F7C57B11E2F3EAB004AFCDB /* DeviceViewController.m */ = {isa = PBXFileReference; fileEncoding = 4; lastKnownFileType = sourcecode.c.objc; path = DeviceViewController.m; sourceTree = "<group>"; };
		8F825B6B1EE6B076007F1A62 /* ManualDimmingView.h */ = {isa = PBXFileReference; fileEncoding = 4; lastKnownFileType = sourcecode.c.h; path = ManualDimmingView.h; sourceTree = "<group>"; };
		8F825B6C1EE6B076007F1A62 /* ManualDimmingView.m */ = {isa = PBXFileReference; fileEncoding = 4; lastKnownFileType = sourcecode.c.objc; path = ManualDimmingView.m; sourceTree = "<group>"; };
		8F86A7F11ED2985A004B5632 /* StringRelatedManager.h */ = {isa = PBXFileReference; fileEncoding = 4; lastKnownFileType = sourcecode.c.h; path = StringRelatedManager.h; sourceTree = "<group>"; };
		8F86A7F21ED2985A004B5632 /* StringRelatedManager.m */ = {isa = PBXFileReference; fileEncoding = 4; lastKnownFileType = sourcecode.c.objc; path = StringRelatedManager.m; sourceTree = "<group>"; };
		8F86A7F41ED2C579004B5632 /* DeviceParameterModel.h */ = {isa = PBXFileReference; fileEncoding = 4; lastKnownFileType = sourcecode.c.h; path = DeviceParameterModel.h; sourceTree = "<group>"; };
		8F86A7F51ED2C579004B5632 /* DeviceParameterModel.m */ = {isa = PBXFileReference; fileEncoding = 4; lastKnownFileType = sourcecode.c.objc; path = DeviceParameterModel.m; sourceTree = "<group>"; };
		8F86A83A1ED2EFD1004B5632 /* ColorDimmingTableViewCell.h */ = {isa = PBXFileReference; fileEncoding = 4; lastKnownFileType = sourcecode.c.h; path = ColorDimmingTableViewCell.h; sourceTree = "<group>"; };
		8F86A83B1ED2EFD1004B5632 /* ColorDimmingTableViewCell.m */ = {isa = PBXFileReference; fileEncoding = 4; lastKnownFileType = sourcecode.c.objc; path = ColorDimmingTableViewCell.m; sourceTree = "<group>"; };
		8F89E57A1E45BCE300847CC3 /* GroupDeviceTableViewCell.h */ = {isa = PBXFileReference; fileEncoding = 4; lastKnownFileType = sourcecode.c.h; path = GroupDeviceTableViewCell.h; sourceTree = "<group>"; };
		8F89E57B1E45BCE300847CC3 /* GroupDeviceTableViewCell.m */ = {isa = PBXFileReference; fileEncoding = 4; lastKnownFileType = sourcecode.c.objc; path = GroupDeviceTableViewCell.m; sourceTree = "<group>"; };
		8F89E57C1E45BCE300847CC3 /* GroupDeviceTableViewCell.xib */ = {isa = PBXFileReference; fileEncoding = 4; lastKnownFileType = file.xib; path = GroupDeviceTableViewCell.xib; sourceTree = "<group>"; };
		8F937E1E1EC94720002E00F6 /* DeviceScanCell.h */ = {isa = PBXFileReference; fileEncoding = 4; lastKnownFileType = sourcecode.c.h; path = DeviceScanCell.h; sourceTree = "<group>"; };
		8F937E1F1EC94720002E00F6 /* DeviceScanCell.m */ = {isa = PBXFileReference; fileEncoding = 4; lastKnownFileType = sourcecode.c.objc; path = DeviceScanCell.m; sourceTree = "<group>"; };
		8F937E2C1EC99404002E00F6 /* BLEManager.h */ = {isa = PBXFileReference; fileEncoding = 4; lastKnownFileType = sourcecode.c.h; path = BLEManager.h; sourceTree = "<group>"; };
		8F937E2D1EC99404002E00F6 /* DeviceInfo.h */ = {isa = PBXFileReference; fileEncoding = 4; lastKnownFileType = sourcecode.c.h; path = DeviceInfo.h; sourceTree = "<group>"; };
		8F937E2E1EC99404002E00F6 /* DeviceInfo.m */ = {isa = PBXFileReference; fileEncoding = 4; lastKnownFileType = sourcecode.c.objc; path = DeviceInfo.m; sourceTree = "<group>"; };
		8F937E2F1EC99404002E00F6 /* libBLEManager.a */ = {isa = PBXFileReference; lastKnownFileType = archive.ar; path = libBLEManager.a; sourceTree = "<group>"; };
		8F937E301EC99404002E00F6 /* oad.h */ = {isa = PBXFileReference; fileEncoding = 4; lastKnownFileType = sourcecode.c.h; path = oad.h; sourceTree = "<group>"; };
		8F937E331EC9A495002E00F6 /* BlueToothManager.h */ = {isa = PBXFileReference; fileEncoding = 4; lastKnownFileType = sourcecode.c.h; path = BlueToothManager.h; sourceTree = "<group>"; };
		8F937E341EC9A495002E00F6 /* BlueToothManager.m */ = {isa = PBXFileReference; fileEncoding = 4; lastKnownFileType = sourcecode.c.objc; path = BlueToothManager.m; sourceTree = "<group>"; };
		8F97E3EC1EEE7A4F00FF1921 /* DeviceDataType.h */ = {isa = PBXFileReference; fileEncoding = 4; lastKnownFileType = sourcecode.c.h; path = DeviceDataType.h; sourceTree = "<group>"; };
		8F97E3ED1EEE7A4F00FF1921 /* DeviceDataType.m */ = {isa = PBXFileReference; fileEncoding = 4; lastKnownFileType = sourcecode.c.objc; path = DeviceDataType.m; sourceTree = "<group>"; };
		8FA30C4A1EDEB16A002AD25C /* ECOPlantParameterModel.h */ = {isa = PBXFileReference; fileEncoding = 4; lastKnownFileType = sourcecode.c.h; path = ECOPlantParameterModel.h; sourceTree = "<group>"; };
		8FA30C4B1EDEB16A002AD25C /* ECOPlantParameterModel.m */ = {isa = PBXFileReference; fileEncoding = 4; lastKnownFileType = sourcecode.c.objc; path = ECOPlantParameterModel.m; sourceTree = "<group>"; };
		8FE48E0D1E49A9780070413D /* EditAlertView.h */ = {isa = PBXFileReference; fileEncoding = 4; lastKnownFileType = sourcecode.c.h; path = EditAlertView.h; sourceTree = "<group>"; };
		8FE48E0E1E49A9780070413D /* EditAlertView.m */ = {isa = PBXFileReference; fileEncoding = 4; lastKnownFileType = sourcecode.c.objc; path = EditAlertView.m; sourceTree = "<group>"; };
		A5B981519EEBFBFC9E93ECBB /* Pods-InledcoPlantUITests.debug.xcconfig */ = {isa = PBXFileReference; includeInIndex = 1; lastKnownFileType = text.xcconfig; name = "Pods-InledcoPlantUITests.debug.xcconfig"; path = "Pods/Target Support Files/Pods-InledcoPlantUITests/Pods-InledcoPlantUITests.debug.xcconfig"; sourceTree = "<group>"; };
		AE03C7DA37F45ECAC46D79FB /* Pods-InledcoPlantUITests.release.xcconfig */ = {isa = PBXFileReference; includeInIndex = 1; lastKnownFileType = text.xcconfig; name = "Pods-InledcoPlantUITests.release.xcconfig"; path = "Pods/Target Support Files/Pods-InledcoPlantUITests/Pods-InledcoPlantUITests.release.xcconfig"; sourceTree = "<group>"; };
		BF67D48BB6989E53CC483713 /* libPods-InledcoPlant.a */ = {isa = PBXFileReference; explicitFileType = archive.ar; includeInIndex = 0; path = "libPods-InledcoPlant.a"; sourceTree = BUILT_PRODUCTS_DIR; };
/* End PBXFileReference section */

/* Begin PBXFrameworksBuildPhase section */
		8F3848D21E2E0E3700804034 /* Frameworks */ = {
			isa = PBXFrameworksBuildPhase;
			buildActionMask = 2147483647;
			files = (
				8F6EC12D1E4C44D200D32171 /* libsqlite3.0.tbd in Frameworks */,
				8F6EC12B1E4C44C700D32171 /* CoreBluetooth.framework in Frameworks */,
				8F937E321EC99404002E00F6 /* libBLEManager.a in Frameworks */,
				6732A190DF17391BCCE6FA21 /* libPods-InledcoPlant.a in Frameworks */,
			);
			runOnlyForDeploymentPostprocessing = 0;
		};
		8F3848EB1E2E0E3700804034 /* Frameworks */ = {
			isa = PBXFrameworksBuildPhase;
			buildActionMask = 2147483647;
			files = (
				AAD834EE05759EB28903C950 /* libPods-InledcoPlantTests.a in Frameworks */,
			);
			runOnlyForDeploymentPostprocessing = 0;
		};
		8F3848F61E2E0E3700804034 /* Frameworks */ = {
			isa = PBXFrameworksBuildPhase;
			buildActionMask = 2147483647;
			files = (
				52D3B8F0F12BE39A43BC846E /* libPods-InledcoPlantUITests.a in Frameworks */,
			);
			runOnlyForDeploymentPostprocessing = 0;
		};
/* End PBXFrameworksBuildPhase section */

/* Begin PBXGroup section */
		8F3848CC1E2E0E3600804034 = {
			isa = PBXGroup;
			children = (
				8F3848D71E2E0E3700804034 /* InledcoPlant */,
				8F3848F11E2E0E3700804034 /* InledcoPlantTests */,
				8F3848FC1E2E0E3700804034 /* InledcoPlantUITests */,
				8F3848D61E2E0E3700804034 /* Products */,
				8F6EC1291E4C44C700D32171 /* Frameworks */,
				A6C814223246C129EA5CE590 /* Pods */,
			);
			sourceTree = "<group>";
		};
		8F3848D61E2E0E3700804034 /* Products */ = {
			isa = PBXGroup;
			children = (
				8F3848D51E2E0E3700804034 /* InledcoPlant.app */,
				8F3848EE1E2E0E3700804034 /* InledcoPlantTests.xctest */,
				8F3848F91E2E0E3700804034 /* InledcoPlantUITests.xctest */,
			);
			name = Products;
			sourceTree = "<group>";
		};
		8F3848D71E2E0E3700804034 /* InledcoPlant */ = {
			isa = PBXGroup;
			children = (
				8F3848DB1E2E0E3700804034 /* AppDelegate.h */,
				8F3848DC1E2E0E3700804034 /* AppDelegate.m */,
				8F4F7CD51E4864740052636B /* PrefixHeader.pch */,
				8F4F7CD61E486D000052636B /* GlobalHeader.h */,
				8F3848E11E2E0E3700804034 /* Main.storyboard */,
				8F3848E41E2E0E3700804034 /* Assets.xcassets */,
				8F3848E61E2E0E3700804034 /* LaunchScreen.storyboard */,
				8F3848E91E2E0E3700804034 /* Info.plist */,
				8F7C57A71E2F3E39004AFCDB /* BaseClass */,
				8F7C57A81E2F3E39004AFCDB /* CodeClass */,
				8F7C578E1E2F116B004AFCDB /* Tools */,
				8F70613C1E3086FC009F6008 /* Images */,
				8F3848D81E2E0E3700804034 /* Supporting Files */,
			);
			path = InledcoPlant;
			sourceTree = "<group>";
		};
		8F3848D81E2E0E3700804034 /* Supporting Files */ = {
			isa = PBXGroup;
			children = (
				8F3848D91E2E0E3700804034 /* main.m */,
				8F7C57A41E2F39F5004AFCDB /* Localizable.strings */,
			);
			name = "Supporting Files";
			sourceTree = "<group>";
		};
		8F3848F11E2E0E3700804034 /* InledcoPlantTests */ = {
			isa = PBXGroup;
			children = (
				8F3848F21E2E0E3700804034 /* InledcoPlantTests.m */,
				8F3848F41E2E0E3700804034 /* Info.plist */,
			);
			path = InledcoPlantTests;
			sourceTree = "<group>";
		};
		8F3848FC1E2E0E3700804034 /* InledcoPlantUITests */ = {
			isa = PBXGroup;
			children = (
				8F3848FD1E2E0E3700804034 /* InledcoPlantUITests.m */,
				8F3848FF1E2E0E3700804034 /* Info.plist */,
			);
			path = InledcoPlantUITests;
			sourceTree = "<group>";
		};
		8F4F7CCE1E485F180052636B /* TipMessageBox */ = {
			isa = PBXGroup;
			children = (
				8F4F7CD21E4861E70052636B /* TooltipManager.h */,
				8F4F7CD31E4861E70052636B /* TooltipManager.m */,
			);
			path = TipMessageBox;
			sourceTree = "<group>";
		};
		8F6C00931ECD359B00C5D851 /* LGSideMenuController */ = {
			isa = PBXGroup;
			children = (
				8F6C00941ECD359B00C5D851 /* LGSideMenuBorderView.h */,
				8F6C00951ECD359B00C5D851 /* LGSideMenuBorderView.m */,
				8F6C00961ECD359B00C5D851 /* LGSideMenuController.h */,
				8F6C00971ECD359B00C5D851 /* LGSideMenuController.m */,
				8F6C00981ECD359B00C5D851 /* LGSideMenuGesturesHandler.h */,
				8F6C00991ECD359B00C5D851 /* LGSideMenuGesturesHandler.m */,
				8F6C009A1ECD359B00C5D851 /* LGSideMenuHelper.h */,
				8F6C009B1ECD359B00C5D851 /* LGSideMenuHelper.m */,
				8F6C009C1ECD359B00C5D851 /* LGSideMenuSegue.h */,
				8F6C009D1ECD359B00C5D851 /* LGSideMenuSegue.m */,
				8F6C009E1ECD359B00C5D851 /* LGSideMenuView.h */,
				8F6C009F1ECD359B00C5D851 /* LGSideMenuView.m */,
				8F6C00A01ECD359B00C5D851 /* UIViewController+LGSideMenuController.h */,
				8F6C00A11ECD359B00C5D851 /* UIViewController+LGSideMenuController.m */,
			);
			path = LGSideMenuController;
			sourceTree = "<group>";
		};
		8F6EC1291E4C44C700D32171 /* Frameworks */ = {
			isa = PBXGroup;
			children = (
				8F6EC12C1E4C44D200D32171 /* libsqlite3.0.tbd */,
				8F6EC12A1E4C44C700D32171 /* CoreBluetooth.framework */,
				BF67D48BB6989E53CC483713 /* libPods-InledcoPlant.a */,
				08F32937B4DE6AAC0336B0ED /* libPods-InledcoPlantTests.a */,
				56194A576B61331E05D66BF2 /* libPods-InledcoPlantUITests.a */,
			);
			name = Frameworks;
			sourceTree = "<group>";
		};
		8F6EC12E1E4C551F00D32171 /* fmdb */ = {
			isa = PBXGroup;
			children = (
				8F6EC12F1E4C551F00D32171 /* FMDatabase.h */,
				8F6EC1301E4C551F00D32171 /* FMDatabase.m */,
				8F6EC1311E4C551F00D32171 /* FMDatabaseAdditions.h */,
				8F6EC1321E4C551F00D32171 /* FMDatabaseAdditions.m */,
				8F6EC1331E4C551F00D32171 /* FMDatabasePool.h */,
				8F6EC1341E4C551F00D32171 /* FMDatabasePool.m */,
				8F6EC1351E4C551F00D32171 /* FMDatabaseQueue.h */,
				8F6EC1361E4C551F00D32171 /* FMDatabaseQueue.m */,
				8F6EC1371E4C551F00D32171 /* FMDB.h */,
				8F6EC1381E4C551F00D32171 /* FMResultSet.h */,
				8F6EC1391E4C551F00D32171 /* FMResultSet.m */,
				8F6EC13A1E4C551F00D32171 /* Info.plist */,
			);
			path = fmdb;
			sourceTree = "<group>";
		};
		8F6EC1411E4C68AF00D32171 /* DatabaseManager */ = {
			isa = PBXGroup;
			children = (
				8F6EC1421E4C6BC600D32171 /* DatabaseManager.h */,
				8F6EC1431E4C6BC600D32171 /* DatabaseManager.m */,
			);
			path = DatabaseManager;
			sourceTree = "<group>";
		};
		8F70613C1E3086FC009F6008 /* Images */ = {
			isa = PBXGroup;
			children = (
				8F6E292D1EF75B7B008B8C67 /* delete.png */,
				8F6E292E1EF75B7B008B8C67 /* deletegray.png */,
				8F753E771EEFCDA30063520C /* add.png */,
				8F753E711EEF812D0063520C /* manual.png */,
				8F753E721EEF812D0063520C /* manualdisable.png */,
				8F753E6B1EEF78300063520C /* powerdisable.png */,
				8F753E6C1EEF78300063520C /* poweroff.png */,
				8F753E6D1EEF78300063520C /* poweron.png */,
				8F753E671EEF77C70063520C /* timer.png */,
				8F753E681EEF77C70063520C /* timerdisable.png */,
				8F753E651EEF77000063520C /* editdisable.png */,
				8F753E631EEF75D10063520C /* edit.png */,
				8F753E611EEF75070063520C /* lock.png */,
				8F753E5D1EEF73620063520C /* unlock.png */,
				8F4418301ECC1AF80003EC59 /* check.png */,
				8F4418311ECC1AF80003EC59 /* launch.png */,
				8F4418321ECC1AF80003EC59 /* LED.png */,
				8F4418331ECC1AF80003EC59 /* leftmenu.png */,
				8F4418341ECC1AF80003EC59 /* redbluetooth.png */,
				8F4418351ECC1AF80003EC59 /* save.png */,
				8F4418361ECC1AF80003EC59 /* uncheck.png */,
			);
			path = Images;
			sourceTree = "<group>";
		};
		8F7061411E308A38009F6008 /* Scan */ = {
			isa = PBXGroup;
			children = (
				8F7061421E308A38009F6008 /* Controller */,
				8F7061431E308A38009F6008 /* Model */,
				8F7061441E308A38009F6008 /* View */,
			);
			path = Scan;
			sourceTree = "<group>";
		};
		8F7061421E308A38009F6008 /* Controller */ = {
			isa = PBXGroup;
			children = (
				8F6750B51E445A4C00CB7539 /* ScanViewController.h */,
				8F6750B61E445A4C00CB7539 /* ScanViewController.m */,
				8F6750B71E445A4C00CB7539 /* ScanViewController.xib */,
			);
			path = Controller;
			sourceTree = "<group>";
		};
		8F7061431E308A38009F6008 /* Model */ = {
			isa = PBXGroup;
			children = (
			);
			path = Model;
			sourceTree = "<group>";
		};
		8F7061441E308A38009F6008 /* View */ = {
			isa = PBXGroup;
			children = (
			);
			path = View;
			sourceTree = "<group>";
		};
		8F7061451E308A9F009F6008 /* Group */ = {
			isa = PBXGroup;
			children = (
				8F7061461E308A9F009F6008 /* Controller */,
				8F7061471E308A9F009F6008 /* Model */,
				8F7061481E308A9F009F6008 /* View */,
			);
			path = Group;
			sourceTree = "<group>";
		};
		8F7061461E308A9F009F6008 /* Controller */ = {
			isa = PBXGroup;
			children = (
				8F4F7C931E483C830052636B /* DeviceGroupViewController.h */,
				8F4F7C941E483C830052636B /* DeviceGroupViewController.m */,
				8F4F7C951E483C830052636B /* DeviceGroupViewController.xib */,
			);
			path = Controller;
			sourceTree = "<group>";
		};
		8F7061471E308A9F009F6008 /* Model */ = {
			isa = PBXGroup;
			children = (
				8F4F7CCB1E485C630052636B /* DeviceGroupModel.h */,
				8F4F7CCC1E485C630052636B /* DeviceGroupModel.m */,
			);
			path = Model;
			sourceTree = "<group>";
		};
		8F7061481E308A9F009F6008 /* View */ = {
			isa = PBXGroup;
			children = (
				8F89E57A1E45BCE300847CC3 /* GroupDeviceTableViewCell.h */,
				8F89E57B1E45BCE300847CC3 /* GroupDeviceTableViewCell.m */,
				8F89E57C1E45BCE300847CC3 /* GroupDeviceTableViewCell.xib */,
				8F4F7CB71E4848BA0052636B /* GroupListTableViewCell.h */,
				8F4F7CB81E4848BA0052636B /* GroupListTableViewCell.m */,
				8F4F7CB91E4848BA0052636B /* GroupListTableViewCell.xib */,
			);
			path = View;
			sourceTree = "<group>";
		};
		8F7061491E308B35009F6008 /* CycleSet */ = {
			isa = PBXGroup;
			children = (
				8F70614A1E308B35009F6008 /* Controller */,
				8F70614B1E308B35009F6008 /* Model */,
				8F70614C1E308B35009F6008 /* View */,
			);
			path = CycleSet;
			sourceTree = "<group>";
		};
		8F70614A1E308B35009F6008 /* Controller */ = {
			isa = PBXGroup;
			children = (
				8F6750AB1E441F6100CB7539 /* CycleSetViewController.h */,
				8F6750AC1E441F6100CB7539 /* CycleSetViewController.m */,
				8F6750AD1E441F6100CB7539 /* CycleSetViewController.xib */,
			);
			path = Controller;
			sourceTree = "<group>";
		};
		8F70614B1E308B35009F6008 /* Model */ = {
			isa = PBXGroup;
			children = (
				8F6C63151EE9290A00ABC799 /* CycleSettingModel.h */,
				8F6C63161EE9290A00ABC799 /* CycleSettingModel.m */,
			);
			path = Model;
			sourceTree = "<group>";
		};
		8F70614C1E308B35009F6008 /* View */ = {
			isa = PBXGroup;
			children = (
			);
			path = View;
			sourceTree = "<group>";
		};
		8F7238B51ED3C43C000F400E /* CustomControl */ = {
			isa = PBXGroup;
			children = (
				8F7238B61ED3C43C000F400E /* ColorSlider */,
			);
			path = CustomControl;
			sourceTree = "<group>";
		};
		8F7238B61ED3C43C000F400E /* ColorSlider */ = {
			isa = PBXGroup;
			children = (
				8F7238B71ED3C45C000F400E /* ColorSlider.h */,
				8F7238B81ED3C45C000F400E /* ColorSlider.m */,
			);
			path = ColorSlider;
			sourceTree = "<group>";
		};
		8F7C578E1E2F116B004AFCDB /* Tools */ = {
			isa = PBXGroup;
			children = (
				8F97E3EB1EEE7A3200FF1921 /* DeviceDataType */,
				8F825B6A1EE6B076007F1A62 /* ManualDimming */,
				8F7238B51ED3C43C000F400E /* CustomControl */,
				8F86A7F01ED2985A004B5632 /* StringRelatedManager */,
				8F6C00931ECD359B00C5D851 /* LGSideMenuController */,
				8F937E2B1EC993DB002E00F6 /* BleSDK */,
				8F937E1B1EC943D0002E00F6 /* BleManager */,
				8F6EC1411E4C68AF00D32171 /* DatabaseManager */,
				8F6EC12E1E4C551F00D32171 /* fmdb */,
				8FE48E0C1E49A9480070413D /* EditView */,
				8F4F7CCE1E485F180052636B /* TipMessageBox */,
				8F7C578F1E2F1182004AFCDB /* LanguageManager */,
			);
			path = Tools;
			sourceTree = "<group>";
		};
		8F7C578F1E2F1182004AFCDB /* LanguageManager */ = {
			isa = PBXGroup;
			children = (
				8F7C57901E2F1182004AFCDB /* FGLanguageTool.h */,
				8F7C57911E2F1182004AFCDB /* FGLanguageTool.m */,
			);
			path = LanguageManager;
			sourceTree = "<group>";
		};
		8F7C57A71E2F3E39004AFCDB /* BaseClass */ = {
			isa = PBXGroup;
			children = (
				8F7C57A91E2F3E52004AFCDB /* BaseViewController.h */,
				8F7C57AA1E2F3E52004AFCDB /* BaseViewController.m */,
				8F4F7CC81E485C490052636B /* BaseModelObject.h */,
				8F4F7CC91E485C490052636B /* BaseModelObject.m */,
				8F6EC1261E4C43E500D32171 /* DeviceModel.h */,
				8F6EC1271E4C43E500D32171 /* DeviceModel.m */,
				8F86A7F41ED2C579004B5632 /* DeviceParameterModel.h */,
				8F86A7F51ED2C579004B5632 /* DeviceParameterModel.m */,
				8FA30C4A1EDEB16A002AD25C /* ECOPlantParameterModel.h */,
				8FA30C4B1EDEB16A002AD25C /* ECOPlantParameterModel.m */,
			);
			path = BaseClass;
			sourceTree = "<group>";
		};
		8F7C57A81E2F3E39004AFCDB /* CodeClass */ = {
			isa = PBXGroup;
			children = (
				8F937E291EC98D77002E00F6 /* GlobalModels */,
				8F937E1C1EC94641002E00F6 /* GlobalViews */,
				8F7061491E308B35009F6008 /* CycleSet */,
				8F7061451E308A9F009F6008 /* Group */,
				8F7061411E308A38009F6008 /* Scan */,
				8F7C57AC1E2F3E94004AFCDB /* Device */,
			);
			path = CodeClass;
			sourceTree = "<group>";
		};
		8F7C57AC1E2F3E94004AFCDB /* Device */ = {
			isa = PBXGroup;
			children = (
				8F7C57AD1E2F3E94004AFCDB /* Controller */,
				8F7C57AE1E2F3E94004AFCDB /* Model */,
				8F7C57AF1E2F3E94004AFCDB /* View */,
			);
			path = Device;
			sourceTree = "<group>";
		};
		8F7C57AD1E2F3E94004AFCDB /* Controller */ = {
			isa = PBXGroup;
			children = (
				8F7C57B01E2F3EAB004AFCDB /* DeviceViewController.h */,
				8F7C57B11E2F3EAB004AFCDB /* DeviceViewController.m */,
			);
			path = Controller;
			sourceTree = "<group>";
		};
		8F7C57AE1E2F3E94004AFCDB /* Model */ = {
			isa = PBXGroup;
			children = (
			);
			path = Model;
			sourceTree = "<group>";
		};
		8F7C57AF1E2F3E94004AFCDB /* View */ = {
			isa = PBXGroup;
			children = (
				8F6750B01E44559000CB7539 /* DeviceTableViewHeaderView.h */,
				8F6750B11E44559000CB7539 /* DeviceTableViewHeaderView.m */,
				8F6750BC1E44618F00CB7539 /* DeviceTableViewHeaderView.xib */,
				8F86A83A1ED2EFD1004B5632 /* ColorDimmingTableViewCell.h */,
				8F86A83B1ED2EFD1004B5632 /* ColorDimmingTableViewCell.m */,
			);
			path = View;
			sourceTree = "<group>";
		};
		8F825B6A1EE6B076007F1A62 /* ManualDimming */ = {
			isa = PBXGroup;
			children = (
				8F825B6B1EE6B076007F1A62 /* ManualDimmingView.h */,
				8F825B6C1EE6B076007F1A62 /* ManualDimmingView.m */,
			);
			path = ManualDimming;
			sourceTree = "<group>";
		};
		8F86A7F01ED2985A004B5632 /* StringRelatedManager */ = {
			isa = PBXGroup;
			children = (
				8F86A7F11ED2985A004B5632 /* StringRelatedManager.h */,
				8F86A7F21ED2985A004B5632 /* StringRelatedManager.m */,
			);
			path = StringRelatedManager;
			sourceTree = "<group>";
		};
		8F937E1B1EC943D0002E00F6 /* BleManager */ = {
			isa = PBXGroup;
			children = (
				8F937E331EC9A495002E00F6 /* BlueToothManager.h */,
				8F937E341EC9A495002E00F6 /* BlueToothManager.m */,
			);
			path = BleManager;
			sourceTree = "<group>";
		};
		8F937E1C1EC94641002E00F6 /* GlobalViews */ = {
			isa = PBXGroup;
			children = (
				8F937E1D1EC94651002E00F6 /* ScanViews */,
			);
			path = GlobalViews;
			sourceTree = "<group>";
		};
		8F937E1D1EC94651002E00F6 /* ScanViews */ = {
			isa = PBXGroup;
			children = (
				8F937E1E1EC94720002E00F6 /* DeviceScanCell.h */,
				8F937E1F1EC94720002E00F6 /* DeviceScanCell.m */,
			);
			path = ScanViews;
			sourceTree = "<group>";
		};
		8F937E291EC98D77002E00F6 /* GlobalModels */ = {
			isa = PBXGroup;
			children = (
				8F937E2A1EC98D77002E00F6 /* DeviceModel */,
			);
			path = GlobalModels;
			sourceTree = "<group>";
		};
		8F937E2A1EC98D77002E00F6 /* DeviceModel */ = {
			isa = PBXGroup;
			children = (
			);
			path = DeviceModel;
			sourceTree = "<group>";
		};
		8F937E2B1EC993DB002E00F6 /* BleSDK */ = {
			isa = PBXGroup;
			children = (
				8F937E2C1EC99404002E00F6 /* BLEManager.h */,
				8F937E2D1EC99404002E00F6 /* DeviceInfo.h */,
				8F937E2E1EC99404002E00F6 /* DeviceInfo.m */,
				8F937E2F1EC99404002E00F6 /* libBLEManager.a */,
				8F937E301EC99404002E00F6 /* oad.h */,
			);
			path = BleSDK;
			sourceTree = "<group>";
		};
		8F97E3EB1EEE7A3200FF1921 /* DeviceDataType */ = {
			isa = PBXGroup;
			children = (
				8F97E3EC1EEE7A4F00FF1921 /* DeviceDataType.h */,
				8F97E3ED1EEE7A4F00FF1921 /* DeviceDataType.m */,
			);
			path = DeviceDataType;
			sourceTree = "<group>";
		};
		8FE48E0C1E49A9480070413D /* EditView */ = {
			isa = PBXGroup;
			children = (
				8FE48E0D1E49A9780070413D /* EditAlertView.h */,
				8FE48E0E1E49A9780070413D /* EditAlertView.m */,
			);
			path = EditView;
			sourceTree = "<group>";
		};
		A6C814223246C129EA5CE590 /* Pods */ = {
			isa = PBXGroup;
			children = (
				88A1EE2F9EE7843FB5ABCF76 /* Pods-InledcoPlant.debug.xcconfig */,
				161DDF868CF3D984EAAC6448 /* Pods-InledcoPlant.release.xcconfig */,
				325244E3D9B5277F72CDA94E /* Pods-InledcoPlantTests.debug.xcconfig */,
				8595184D22CD953DADD80F00 /* Pods-InledcoPlantTests.release.xcconfig */,
				A5B981519EEBFBFC9E93ECBB /* Pods-InledcoPlantUITests.debug.xcconfig */,
				AE03C7DA37F45ECAC46D79FB /* Pods-InledcoPlantUITests.release.xcconfig */,
			);
			name = Pods;
			sourceTree = "<group>";
		};
/* End PBXGroup section */

/* Begin PBXNativeTarget section */
		8F3848D41E2E0E3700804034 /* InledcoPlant */ = {
			isa = PBXNativeTarget;
			buildConfigurationList = 8F3849021E2E0E3700804034 /* Build configuration list for PBXNativeTarget "InledcoPlant" */;
			buildPhases = (
				6F44DB7C715BB8F31CBD95E3 /* [CP] Check Pods Manifest.lock */,
				8F3848D11E2E0E3700804034 /* Sources */,
				8F3848D21E2E0E3700804034 /* Frameworks */,
				8F3848D31E2E0E3700804034 /* Resources */,
				29A60F5625DA4E77BAAF9710 /* [CP] Embed Pods Frameworks */,
				915DC0425974B2A774087430 /* [CP] Copy Pods Resources */,
			);
			buildRules = (
			);
			dependencies = (
			);
			name = InledcoPlant;
			productName = InledcoPlant;
			productReference = 8F3848D51E2E0E3700804034 /* InledcoPlant.app */;
			productType = "com.apple.product-type.application";
		};
		8F3848ED1E2E0E3700804034 /* InledcoPlantTests */ = {
			isa = PBXNativeTarget;
			buildConfigurationList = 8F3849051E2E0E3700804034 /* Build configuration list for PBXNativeTarget "InledcoPlantTests" */;
			buildPhases = (
				69897A8F1FC2A19580BA9C29 /* [CP] Check Pods Manifest.lock */,
				8F3848EA1E2E0E3700804034 /* Sources */,
				8F3848EB1E2E0E3700804034 /* Frameworks */,
				8F3848EC1E2E0E3700804034 /* Resources */,
				382E201E22FA00889EA6AEF0 /* [CP] Embed Pods Frameworks */,
				7AA44549B7B2D1AABC9A54B5 /* [CP] Copy Pods Resources */,
			);
			buildRules = (
			);
			dependencies = (
				8F3848F01E2E0E3700804034 /* PBXTargetDependency */,
			);
			name = InledcoPlantTests;
			productName = InledcoPlantTests;
			productReference = 8F3848EE1E2E0E3700804034 /* InledcoPlantTests.xctest */;
			productType = "com.apple.product-type.bundle.unit-test";
		};
		8F3848F81E2E0E3700804034 /* InledcoPlantUITests */ = {
			isa = PBXNativeTarget;
			buildConfigurationList = 8F3849081E2E0E3700804034 /* Build configuration list for PBXNativeTarget "InledcoPlantUITests" */;
			buildPhases = (
				D7AF3366945EE5F77B9056FD /* [CP] Check Pods Manifest.lock */,
				8F3848F51E2E0E3700804034 /* Sources */,
				8F3848F61E2E0E3700804034 /* Frameworks */,
				8F3848F71E2E0E3700804034 /* Resources */,
				902E7D95D582C9E1265E9250 /* [CP] Copy Pods Resources */,
			);
			buildRules = (
			);
			dependencies = (
				8F3848FB1E2E0E3700804034 /* PBXTargetDependency */,
			);
			name = InledcoPlantUITests;
			productName = InledcoPlantUITests;
			productReference = 8F3848F91E2E0E3700804034 /* InledcoPlantUITests.xctest */;
			productType = "com.apple.product-type.bundle.ui-testing";
		};
/* End PBXNativeTarget section */

/* Begin PBXProject section */
		8F3848CD1E2E0E3600804034 /* Project object */ = {
			isa = PBXProject;
			attributes = {
				LastUpgradeCheck = 0810;
				ORGANIZATIONNAME = "huang zhengguo";
				TargetAttributes = {
					8F3848D41E2E0E3700804034 = {
						CreatedOnToolsVersion = 8.1;
						DevelopmentTeam = VS9QL3ZC89;
						ProvisioningStyle = Automatic;
					};
					8F3848ED1E2E0E3700804034 = {
						CreatedOnToolsVersion = 8.1;
						DevelopmentTeam = TP2XCH35TP;
						ProvisioningStyle = Automatic;
						TestTargetID = 8F3848D41E2E0E3700804034;
					};
					8F3848F81E2E0E3700804034 = {
						CreatedOnToolsVersion = 8.1;
						DevelopmentTeam = TP2XCH35TP;
						ProvisioningStyle = Automatic;
						TestTargetID = 8F3848D41E2E0E3700804034;
					};
				};
			};
			buildConfigurationList = 8F3848D01E2E0E3600804034 /* Build configuration list for PBXProject "InledcoPlant" */;
			compatibilityVersion = "Xcode 3.2";
			developmentRegion = English;
			hasScannedForEncodings = 0;
			knownRegions = (
				en,
				Base,
				fr,
				de,
			);
			mainGroup = 8F3848CC1E2E0E3600804034;
			productRefGroup = 8F3848D61E2E0E3700804034 /* Products */;
			projectDirPath = "";
			projectRoot = "";
			targets = (
				8F3848D41E2E0E3700804034 /* InledcoPlant */,
				8F3848ED1E2E0E3700804034 /* InledcoPlantTests */,
				8F3848F81E2E0E3700804034 /* InledcoPlantUITests */,
			);
		};
/* End PBXProject section */

/* Begin PBXResourcesBuildPhase section */
		8F3848D31E2E0E3700804034 /* Resources */ = {
			isa = PBXResourcesBuildPhase;
			buildActionMask = 2147483647;
			files = (
				8F6E292F1EF75B7B008B8C67 /* delete.png in Resources */,
				8F3848E81E2E0E3700804034 /* LaunchScreen.storyboard in Resources */,
				8F753E731EEF812D0063520C /* manual.png in Resources */,
				8F753E781EEFCDA30063520C /* add.png in Resources */,
				8F753E701EEF78300063520C /* poweron.png in Resources */,
				8F89E57E1E45BCE300847CC3 /* GroupDeviceTableViewCell.xib in Resources */,
				8F753E741EEF812D0063520C /* manualdisable.png in Resources */,
				8F6E29301EF75B7B008B8C67 /* deletegray.png in Resources */,
				8F6EC1401E4C551F00D32171 /* Info.plist in Resources */,
				8F753E661EEF77000063520C /* editdisable.png in Resources */,
				8F753E6E1EEF78300063520C /* powerdisable.png in Resources */,
				8F6750AF1E441F6100CB7539 /* CycleSetViewController.xib in Resources */,
				8F753E6F1EEF78300063520C /* poweroff.png in Resources */,
				8F44183A1ECC1AF80003EC59 /* leftmenu.png in Resources */,
				8F44183B1ECC1AF80003EC59 /* redbluetooth.png in Resources */,
				8F44183D1ECC1AF80003EC59 /* uncheck.png in Resources */,
				8F753E641EEF75D10063520C /* edit.png in Resources */,
				8F4F7C971E483C830052636B /* DeviceGroupViewController.xib in Resources */,
				8F4F7CBB1E4848BA0052636B /* GroupListTableViewCell.xib in Resources */,
				8F753E691EEF77C70063520C /* timer.png in Resources */,
				8F6750B91E445A4C00CB7539 /* ScanViewController.xib in Resources */,
				8F4418391ECC1AF80003EC59 /* LED.png in Resources */,
				8F7C57A21E2F39F5004AFCDB /* Localizable.strings in Resources */,
				8F44183C1ECC1AF80003EC59 /* save.png in Resources */,
				8F3848E51E2E0E3700804034 /* Assets.xcassets in Resources */,
				8F753E621EEF75070063520C /* lock.png in Resources */,
				8F753E6A1EEF77C70063520C /* timerdisable.png in Resources */,
				8F4418381ECC1AF80003EC59 /* launch.png in Resources */,
				8F6750BD1E44618F00CB7539 /* DeviceTableViewHeaderView.xib in Resources */,
				8F4418371ECC1AF80003EC59 /* check.png in Resources */,
				8F753E5E1EEF73620063520C /* unlock.png in Resources */,
				8F3848E31E2E0E3700804034 /* Main.storyboard in Resources */,
			);
			runOnlyForDeploymentPostprocessing = 0;
		};
		8F3848EC1E2E0E3700804034 /* Resources */ = {
			isa = PBXResourcesBuildPhase;
			buildActionMask = 2147483647;
			files = (
			);
			runOnlyForDeploymentPostprocessing = 0;
		};
		8F3848F71E2E0E3700804034 /* Resources */ = {
			isa = PBXResourcesBuildPhase;
			buildActionMask = 2147483647;
			files = (
			);
			runOnlyForDeploymentPostprocessing = 0;
		};
/* End PBXResourcesBuildPhase section */

/* Begin PBXShellScriptBuildPhase section */
		29A60F5625DA4E77BAAF9710 /* [CP] Embed Pods Frameworks */ = {
			isa = PBXShellScriptBuildPhase;
			buildActionMask = 2147483647;
			files = (
			);
			inputPaths = (
			);
			name = "[CP] Embed Pods Frameworks";
			outputPaths = (
			);
			runOnlyForDeploymentPostprocessing = 0;
			shellPath = /bin/sh;
			shellScript = "\"${SRCROOT}/Pods/Target Support Files/Pods-InledcoPlant/Pods-InledcoPlant-frameworks.sh\"\n";
			showEnvVarsInLog = 0;
		};
		382E201E22FA00889EA6AEF0 /* [CP] Embed Pods Frameworks */ = {
			isa = PBXShellScriptBuildPhase;
			buildActionMask = 2147483647;
			files = (
			);
			inputPaths = (
			);
			name = "[CP] Embed Pods Frameworks";
			outputPaths = (
			);
			runOnlyForDeploymentPostprocessing = 0;
			shellPath = /bin/sh;
			shellScript = "\"${SRCROOT}/Pods/Target Support Files/Pods-InledcoPlantTests/Pods-InledcoPlantTests-frameworks.sh\"\n";
			showEnvVarsInLog = 0;
		};
		69897A8F1FC2A19580BA9C29 /* [CP] Check Pods Manifest.lock */ = {
			isa = PBXShellScriptBuildPhase;
			buildActionMask = 2147483647;
			files = (
			);
			inputPaths = (
			);
			name = "[CP] Check Pods Manifest.lock";
			outputPaths = (
			);
			runOnlyForDeploymentPostprocessing = 0;
			shellPath = /bin/sh;
			shellScript = "diff \"${PODS_ROOT}/../Podfile.lock\" \"${PODS_ROOT}/Manifest.lock\" > /dev/null\nif [[ $? != 0 ]] ; then\n    cat << EOM\nerror: The sandbox is not in sync with the Podfile.lock. Run 'pod install' or update your CocoaPods installation.\nEOM\n    exit 1\nfi\n";
			showEnvVarsInLog = 0;
		};
		6F44DB7C715BB8F31CBD95E3 /* [CP] Check Pods Manifest.lock */ = {
			isa = PBXShellScriptBuildPhase;
			buildActionMask = 2147483647;
			files = (
			);
			inputPaths = (
			);
			name = "[CP] Check Pods Manifest.lock";
			outputPaths = (
			);
			runOnlyForDeploymentPostprocessing = 0;
			shellPath = /bin/sh;
			shellScript = "diff \"${PODS_ROOT}/../Podfile.lock\" \"${PODS_ROOT}/Manifest.lock\" > /dev/null\nif [[ $? != 0 ]] ; then\n    cat << EOM\nerror: The sandbox is not in sync with the Podfile.lock. Run 'pod install' or update your CocoaPods installation.\nEOM\n    exit 1\nfi\n";
			showEnvVarsInLog = 0;
		};
		7AA44549B7B2D1AABC9A54B5 /* [CP] Copy Pods Resources */ = {
			isa = PBXShellScriptBuildPhase;
			buildActionMask = 2147483647;
			files = (
			);
			inputPaths = (
			);
			name = "[CP] Copy Pods Resources";
			outputPaths = (
			);
			runOnlyForDeploymentPostprocessing = 0;
			shellPath = /bin/sh;
			shellScript = "\"${SRCROOT}/Pods/Target Support Files/Pods-InledcoPlantTests/Pods-InledcoPlantTests-resources.sh\"\n";
			showEnvVarsInLog = 0;
		};
		902E7D95D582C9E1265E9250 /* [CP] Copy Pods Resources */ = {
			isa = PBXShellScriptBuildPhase;
			buildActionMask = 2147483647;
			files = (
			);
			inputPaths = (
			);
			name = "[CP] Copy Pods Resources";
			outputPaths = (
			);
			runOnlyForDeploymentPostprocessing = 0;
			shellPath = /bin/sh;
			shellScript = "\"${SRCROOT}/Pods/Target Support Files/Pods-InledcoPlantUITests/Pods-InledcoPlantUITests-resources.sh\"\n";
			showEnvVarsInLog = 0;
		};
		915DC0425974B2A774087430 /* [CP] Copy Pods Resources */ = {
			isa = PBXShellScriptBuildPhase;
			buildActionMask = 2147483647;
			files = (
			);
			inputPaths = (
			);
			name = "[CP] Copy Pods Resources";
			outputPaths = (
			);
			runOnlyForDeploymentPostprocessing = 0;
			shellPath = /bin/sh;
			shellScript = "\"${SRCROOT}/Pods/Target Support Files/Pods-InledcoPlant/Pods-InledcoPlant-resources.sh\"\n";
			showEnvVarsInLog = 0;
		};
		D7AF3366945EE5F77B9056FD /* [CP] Check Pods Manifest.lock */ = {
			isa = PBXShellScriptBuildPhase;
			buildActionMask = 2147483647;
			files = (
			);
			inputPaths = (
			);
			name = "[CP] Check Pods Manifest.lock";
			outputPaths = (
			);
			runOnlyForDeploymentPostprocessing = 0;
			shellPath = /bin/sh;
			shellScript = "diff \"${PODS_ROOT}/../Podfile.lock\" \"${PODS_ROOT}/Manifest.lock\" > /dev/null\nif [[ $? != 0 ]] ; then\n    cat << EOM\nerror: The sandbox is not in sync with the Podfile.lock. Run 'pod install' or update your CocoaPods installation.\nEOM\n    exit 1\nfi\n";
			showEnvVarsInLog = 0;
		};
/* End PBXShellScriptBuildPhase section */

/* Begin PBXSourcesBuildPhase section */
		8F3848D11E2E0E3700804034 /* Sources */ = {
			isa = PBXSourcesBuildPhase;
			buildActionMask = 2147483647;
			files = (
				8F6E29311EF7C21A008B8C67 /* BLEManager.h in Sources */,
				8F7C57AB1E2F3E52004AFCDB /* BaseViewController.m in Sources */,
				8F6750B81E445A4C00CB7539 /* ScanViewController.m in Sources */,
				8F6EC1281E4C43E500D32171 /* DeviceModel.m in Sources */,
				8F6EC13B1E4C551F00D32171 /* FMDatabase.m in Sources */,
				8F937E201EC94720002E00F6 /* DeviceScanCell.m in Sources */,
				8F86A7F61ED2C579004B5632 /* DeviceParameterModel.m in Sources */,
				8F6EC13D1E4C551F00D32171 /* FMDatabasePool.m in Sources */,
				8F6EC13F1E4C551F00D32171 /* FMResultSet.m in Sources */,
				8F86A7F31ED2985A004B5632 /* StringRelatedManager.m in Sources */,
				8F6EC13C1E4C551F00D32171 /* FMDatabaseAdditions.m in Sources */,
				8F6EC1441E4C6BC600D32171 /* DatabaseManager.m in Sources */,
				8F3848DD1E2E0E3700804034 /* AppDelegate.m in Sources */,
				8F7C57921E2F1182004AFCDB /* FGLanguageTool.m in Sources */,
				8FE48E0F1E49A9780070413D /* EditAlertView.m in Sources */,
				8F4F7CBA1E4848BA0052636B /* GroupListTableViewCell.m in Sources */,
				8F937E311EC99404002E00F6 /* DeviceInfo.m in Sources */,
				8F3848DA1E2E0E3700804034 /* main.m in Sources */,
				8FA30C4C1EDEB16A002AD25C /* ECOPlantParameterModel.m in Sources */,
				8F6C00A21ECD359B00C5D851 /* LGSideMenuBorderView.m in Sources */,
				8F825B6D1EE6B076007F1A62 /* ManualDimmingView.m in Sources */,
				8F6EC13E1E4C551F00D32171 /* FMDatabaseQueue.m in Sources */,
				8F89E57D1E45BCE300847CC3 /* GroupDeviceTableViewCell.m in Sources */,
				8F4F7C961E483C830052636B /* DeviceGroupViewController.m in Sources */,
				8F4F7CD41E4861E70052636B /* TooltipManager.m in Sources */,
				8F6750AE1E441F6100CB7539 /* CycleSetViewController.m in Sources */,
				8F6750B21E44559000CB7539 /* DeviceTableViewHeaderView.m in Sources */,
				8F6C00A71ECD359B00C5D851 /* LGSideMenuView.m in Sources */,
				8F937E351EC9A495002E00F6 /* BlueToothManager.m in Sources */,
				8F4F7CCD1E485C630052636B /* DeviceGroupModel.m in Sources */,
				8F4F7CCA1E485C490052636B /* BaseModelObject.m in Sources */,
				8F97E3EE1EEE7A4F00FF1921 /* DeviceDataType.m in Sources */,
				8F6C00A81ECD359B00C5D851 /* UIViewController+LGSideMenuController.m in Sources */,
				8F86A83C1ED2EFD1004B5632 /* ColorDimmingTableViewCell.m in Sources */,
				8F6C00A51ECD359B00C5D851 /* LGSideMenuHelper.m in Sources */,
				8F6C00A41ECD359B00C5D851 /* LGSideMenuGesturesHandler.m in Sources */,
				8F6C00A61ECD359B00C5D851 /* LGSideMenuSegue.m in Sources */,
				8F6C00A31ECD359B00C5D851 /* LGSideMenuController.m in Sources */,
				8F6C63171EE9290A00ABC799 /* CycleSettingModel.m in Sources */,
				8F7C57B21E2F3EAB004AFCDB /* DeviceViewController.m in Sources */,
			);
			runOnlyForDeploymentPostprocessing = 0;
		};
		8F3848EA1E2E0E3700804034 /* Sources */ = {
			isa = PBXSourcesBuildPhase;
			buildActionMask = 2147483647;
			files = (
				8F3848F31E2E0E3700804034 /* InledcoPlantTests.m in Sources */,
			);
			runOnlyForDeploymentPostprocessing = 0;
		};
		8F3848F51E2E0E3700804034 /* Sources */ = {
			isa = PBXSourcesBuildPhase;
			buildActionMask = 2147483647;
			files = (
				8F3848FE1E2E0E3700804034 /* InledcoPlantUITests.m in Sources */,
			);
			runOnlyForDeploymentPostprocessing = 0;
		};
/* End PBXSourcesBuildPhase section */

/* Begin PBXTargetDependency section */
		8F3848F01E2E0E3700804034 /* PBXTargetDependency */ = {
			isa = PBXTargetDependency;
			target = 8F3848D41E2E0E3700804034 /* InledcoPlant */;
			targetProxy = 8F3848EF1E2E0E3700804034 /* PBXContainerItemProxy */;
		};
		8F3848FB1E2E0E3700804034 /* PBXTargetDependency */ = {
			isa = PBXTargetDependency;
			target = 8F3848D41E2E0E3700804034 /* InledcoPlant */;
			targetProxy = 8F3848FA1E2E0E3700804034 /* PBXContainerItemProxy */;
		};
/* End PBXTargetDependency section */

/* Begin PBXVariantGroup section */
		8F3848E11E2E0E3700804034 /* Main.storyboard */ = {
			isa = PBXVariantGroup;
			children = (
				8F3848E21E2E0E3700804034 /* Base */,
				8F7C57931E2F360A004AFCDB /* fr */,
				8F7C57951E2F3613004AFCDB /* de */,
			);
			name = Main.storyboard;
			sourceTree = "<group>";
		};
		8F3848E61E2E0E3700804034 /* LaunchScreen.storyboard */ = {
			isa = PBXVariantGroup;
			children = (
				8F3848E71E2E0E3700804034 /* Base */,
				8F7C57941E2F360A004AFCDB /* fr */,
				8F7C57961E2F3613004AFCDB /* de */,
			);
			name = LaunchScreen.storyboard;
			sourceTree = "<group>";
		};
		8F7C57A41E2F39F5004AFCDB /* Localizable.strings */ = {
			isa = PBXVariantGroup;
			children = (
				8F7C57A31E2F39F5004AFCDB /* en */,
				8F7C57A51E2F39F7004AFCDB /* fr */,
				8F7C57A61E2F39F8004AFCDB /* de */,
			);
			name = Localizable.strings;
			sourceTree = "<group>";
		};
/* End PBXVariantGroup section */

/* Begin XCBuildConfiguration section */
		8F3849001E2E0E3700804034 /* Debug */ = {
			isa = XCBuildConfiguration;
			buildSettings = {
				ALWAYS_SEARCH_USER_PATHS = NO;
				CLANG_ANALYZER_LOCALIZABILITY_NONLOCALIZED = YES;
				CLANG_ANALYZER_NONNULL = YES;
				CLANG_CXX_LANGUAGE_STANDARD = "gnu++0x";
				CLANG_CXX_LIBRARY = "libc++";
				CLANG_ENABLE_MODULES = YES;
				CLANG_ENABLE_OBJC_ARC = YES;
				CLANG_WARN_BOOL_CONVERSION = YES;
				CLANG_WARN_CONSTANT_CONVERSION = YES;
				CLANG_WARN_DIRECT_OBJC_ISA_USAGE = YES_ERROR;
				CLANG_WARN_DOCUMENTATION_COMMENTS = YES;
				CLANG_WARN_EMPTY_BODY = YES;
				CLANG_WARN_ENUM_CONVERSION = YES;
				CLANG_WARN_INFINITE_RECURSION = YES;
				CLANG_WARN_INT_CONVERSION = YES;
				CLANG_WARN_OBJC_ROOT_CLASS = YES_ERROR;
				CLANG_WARN_SUSPICIOUS_MOVES = YES;
				CLANG_WARN_UNREACHABLE_CODE = YES;
				CLANG_WARN__DUPLICATE_METHOD_MATCH = YES;
				"CODE_SIGN_IDENTITY[sdk=iphoneos*]" = "iPhone Developer";
				COPY_PHASE_STRIP = NO;
				DEBUG_INFORMATION_FORMAT = dwarf;
				ENABLE_STRICT_OBJC_MSGSEND = YES;
				ENABLE_TESTABILITY = YES;
				GCC_C_LANGUAGE_STANDARD = gnu99;
				GCC_DYNAMIC_NO_PIC = NO;
				GCC_NO_COMMON_BLOCKS = YES;
				GCC_OPTIMIZATION_LEVEL = 0;
				GCC_PREPROCESSOR_DEFINITIONS = (
					"DEBUG=1",
					"$(inherited)",
				);
				GCC_WARN_64_TO_32_BIT_CONVERSION = YES;
				GCC_WARN_ABOUT_RETURN_TYPE = YES_ERROR;
				GCC_WARN_UNDECLARED_SELECTOR = YES;
				GCC_WARN_UNINITIALIZED_AUTOS = YES_AGGRESSIVE;
				GCC_WARN_UNUSED_FUNCTION = YES;
				GCC_WARN_UNUSED_VARIABLE = YES;
				IPHONEOS_DEPLOYMENT_TARGET = 9.0;
				MTL_ENABLE_DEBUG_INFO = YES;
				ONLY_ACTIVE_ARCH = YES;
				SDKROOT = iphoneos;
				TARGETED_DEVICE_FAMILY = "1,2";
			};
			name = Debug;
		};
		8F3849011E2E0E3700804034 /* Release */ = {
			isa = XCBuildConfiguration;
			buildSettings = {
				ALWAYS_SEARCH_USER_PATHS = NO;
				CLANG_ANALYZER_LOCALIZABILITY_NONLOCALIZED = YES;
				CLANG_ANALYZER_NONNULL = YES;
				CLANG_CXX_LANGUAGE_STANDARD = "gnu++0x";
				CLANG_CXX_LIBRARY = "libc++";
				CLANG_ENABLE_MODULES = YES;
				CLANG_ENABLE_OBJC_ARC = YES;
				CLANG_WARN_BOOL_CONVERSION = YES;
				CLANG_WARN_CONSTANT_CONVERSION = YES;
				CLANG_WARN_DIRECT_OBJC_ISA_USAGE = YES_ERROR;
				CLANG_WARN_DOCUMENTATION_COMMENTS = YES;
				CLANG_WARN_EMPTY_BODY = YES;
				CLANG_WARN_ENUM_CONVERSION = YES;
				CLANG_WARN_INFINITE_RECURSION = YES;
				CLANG_WARN_INT_CONVERSION = YES;
				CLANG_WARN_OBJC_ROOT_CLASS = YES_ERROR;
				CLANG_WARN_SUSPICIOUS_MOVES = YES;
				CLANG_WARN_UNREACHABLE_CODE = YES;
				CLANG_WARN__DUPLICATE_METHOD_MATCH = YES;
				"CODE_SIGN_IDENTITY[sdk=iphoneos*]" = "iPhone Developer";
				COPY_PHASE_STRIP = NO;
				DEBUG_INFORMATION_FORMAT = "dwarf-with-dsym";
				ENABLE_NS_ASSERTIONS = NO;
				ENABLE_STRICT_OBJC_MSGSEND = YES;
				GCC_C_LANGUAGE_STANDARD = gnu99;
				GCC_NO_COMMON_BLOCKS = YES;
				GCC_WARN_64_TO_32_BIT_CONVERSION = YES;
				GCC_WARN_ABOUT_RETURN_TYPE = YES_ERROR;
				GCC_WARN_UNDECLARED_SELECTOR = YES;
				GCC_WARN_UNINITIALIZED_AUTOS = YES_AGGRESSIVE;
				GCC_WARN_UNUSED_FUNCTION = YES;
				GCC_WARN_UNUSED_VARIABLE = YES;
				IPHONEOS_DEPLOYMENT_TARGET = 9.0;
				MTL_ENABLE_DEBUG_INFO = NO;
				SDKROOT = iphoneos;
				TARGETED_DEVICE_FAMILY = "1,2";
				VALIDATE_PRODUCT = YES;
			};
			name = Release;
		};
		8F3849031E2E0E3700804034 /* Debug */ = {
			isa = XCBuildConfiguration;
			baseConfigurationReference = 88A1EE2F9EE7843FB5ABCF76 /* Pods-InledcoPlant.debug.xcconfig */;
			buildSettings = {
				ASSETCATALOG_COMPILER_APPICON_NAME = AppIcon;
				"CODE_SIGN_IDENTITY[sdk=iphoneos*]" = "iPhone Developer";
				DEVELOPMENT_TEAM = VS9QL3ZC89;
				ENABLE_BITCODE = NO;
				GCC_PREFIX_HEADER = "$(SRCROOT)/InledcoPlant/PrefixHeader.pch";
				INFOPLIST_FILE = InledcoPlant/Info.plist;
				IPHONEOS_DEPLOYMENT_TARGET = 9.0;
				LD_RUNPATH_SEARCH_PATHS = "$(inherited) @executable_path/Frameworks";
				LIBRARY_SEARCH_PATHS = (
					"$(inherited)",
					"$(PROJECT_DIR)/InledcoPlant/Tools/BleSDK",
				);
				ONLY_ACTIVE_ARCH = YES;
				OTHER_LDFLAGS = "";
				PRODUCT_BUNDLE_IDENTIFIER = com.Inledco.PlantLight;
				PRODUCT_NAME = "$(TARGET_NAME)";
				PROVISIONING_PROFILE = "";
				PROVISIONING_PROFILE_SPECIFIER = "";
				TARGETED_DEVICE_FAMILY = "1,2";
				VALID_ARCHS = "armv7 armv7s arm64";
			};
			name = Debug;
		};
		8F3849041E2E0E3700804034 /* Release */ = {
			isa = XCBuildConfiguration;
			baseConfigurationReference = 161DDF868CF3D984EAAC6448 /* Pods-InledcoPlant.release.xcconfig */;
			buildSettings = {
				ASSETCATALOG_COMPILER_APPICON_NAME = AppIcon;
				"CODE_SIGN_IDENTITY[sdk=iphoneos*]" = "iPhone Developer";
				DEVELOPMENT_TEAM = VS9QL3ZC89;
				ENABLE_BITCODE = NO;
				GCC_PREFIX_HEADER = "$(SRCROOT)/InledcoPlant/PrefixHeader.pch";
				INFOPLIST_FILE = InledcoPlant/Info.plist;
				IPHONEOS_DEPLOYMENT_TARGET = 9.0;
				LD_RUNPATH_SEARCH_PATHS = "$(inherited) @executable_path/Frameworks";
				LIBRARY_SEARCH_PATHS = (
					"$(inherited)",
					"$(PROJECT_DIR)/InledcoPlant/Tools/BleSDK",
				);
				ONLY_ACTIVE_ARCH = YES;
				OTHER_LDFLAGS = "";
				PRODUCT_BUNDLE_IDENTIFIER = com.Inledco.PlantLight;
				PRODUCT_NAME = "$(TARGET_NAME)";
				PROVISIONING_PROFILE = "";
				PROVISIONING_PROFILE_SPECIFIER = "";
				TARGETED_DEVICE_FAMILY = "1,2";
				VALID_ARCHS = "armv7 armv7s arm64";
			};
			name = Release;
		};
		8F3849061E2E0E3700804034 /* Debug */ = {
			isa = XCBuildConfiguration;
			baseConfigurationReference = 325244E3D9B5277F72CDA94E /* Pods-InledcoPlantTests.debug.xcconfig */;
			buildSettings = {
				BUNDLE_LOADER = "$(TEST_HOST)";
				DEVELOPMENT_TEAM = TP2XCH35TP;
				INFOPLIST_FILE = InledcoPlantTests/Info.plist;
				LD_RUNPATH_SEARCH_PATHS = "$(inherited) @executable_path/Frameworks @loader_path/Frameworks";
				PRODUCT_BUNDLE_IDENTIFIER = com.ledinpro.InledcoPlantTests;
				PRODUCT_NAME = "$(TARGET_NAME)";
				TEST_HOST = "$(BUILT_PRODUCTS_DIR)/InledcoPlant.app/InledcoPlant";
			};
			name = Debug;
		};
		8F3849071E2E0E3700804034 /* Release */ = {
			isa = XCBuildConfiguration;
			baseConfigurationReference = 8595184D22CD953DADD80F00 /* Pods-InledcoPlantTests.release.xcconfig */;
			buildSettings = {
				BUNDLE_LOADER = "$(TEST_HOST)";
				DEVELOPMENT_TEAM = TP2XCH35TP;
				INFOPLIST_FILE = InledcoPlantTests/Info.plist;
				LD_RUNPATH_SEARCH_PATHS = "$(inherited) @executable_path/Frameworks @loader_path/Frameworks";
				PRODUCT_BUNDLE_IDENTIFIER = com.ledinpro.InledcoPlantTests;
				PRODUCT_NAME = "$(TARGET_NAME)";
				TEST_HOST = "$(BUILT_PRODUCTS_DIR)/InledcoPlant.app/InledcoPlant";
			};
			name = Release;
		};
		8F3849091E2E0E3700804034 /* Debug */ = {
			isa = XCBuildConfiguration;
			baseConfigurationReference = A5B981519EEBFBFC9E93ECBB /* Pods-InledcoPlantUITests.debug.xcconfig */;
			buildSettings = {
				DEVELOPMENT_TEAM = TP2XCH35TP;
				INFOPLIST_FILE = InledcoPlantUITests/Info.plist;
				LD_RUNPATH_SEARCH_PATHS = "$(inherited) @executable_path/Frameworks @loader_path/Frameworks";
				PRODUCT_BUNDLE_IDENTIFIER = com.ledinpro.InledcoPlantUITests;
				PRODUCT_NAME = "$(TARGET_NAME)";
				TEST_TARGET_NAME = InledcoPlant;
			};
			name = Debug;
		};
		8F38490A1E2E0E3700804034 /* Release */ = {
			isa = XCBuildConfiguration;
			baseConfigurationReference = AE03C7DA37F45ECAC46D79FB /* Pods-InledcoPlantUITests.release.xcconfig */;
			buildSettings = {
				DEVELOPMENT_TEAM = TP2XCH35TP;
				INFOPLIST_FILE = InledcoPlantUITests/Info.plist;
				LD_RUNPATH_SEARCH_PATHS = "$(inherited) @executable_path/Frameworks @loader_path/Frameworks";
				PRODUCT_BUNDLE_IDENTIFIER = com.ledinpro.InledcoPlantUITests;
				PRODUCT_NAME = "$(TARGET_NAME)";
				TEST_TARGET_NAME = InledcoPlant;
			};
			name = Release;
		};
/* End XCBuildConfiguration section */

/* Begin XCConfigurationList section */
		8F3848D01E2E0E3600804034 /* Build configuration list for PBXProject "InledcoPlant" */ = {
			isa = XCConfigurationList;
			buildConfigurations = (
				8F3849001E2E0E3700804034 /* Debug */,
				8F3849011E2E0E3700804034 /* Release */,
			);
			defaultConfigurationIsVisible = 0;
			defaultConfigurationName = Release;
		};
		8F3849021E2E0E3700804034 /* Build configuration list for PBXNativeTarget "InledcoPlant" */ = {
			isa = XCConfigurationList;
			buildConfigurations = (
				8F3849031E2E0E3700804034 /* Debug */,
				8F3849041E2E0E3700804034 /* Release */,
			);
			defaultConfigurationIsVisible = 0;
			defaultConfigurationName = Release;
		};
		8F3849051E2E0E3700804034 /* Build configuration list for PBXNativeTarget "InledcoPlantTests" */ = {
			isa = XCConfigurationList;
			buildConfigurations = (
				8F3849061E2E0E3700804034 /* Debug */,
				8F3849071E2E0E3700804034 /* Release */,
			);
			defaultConfigurationIsVisible = 0;
			defaultConfigurationName = Release;
		};
		8F3849081E2E0E3700804034 /* Build configuration list for PBXNativeTarget "InledcoPlantUITests" */ = {
			isa = XCConfigurationList;
			buildConfigurations = (
				8F3849091E2E0E3700804034 /* Debug */,
				8F38490A1E2E0E3700804034 /* Release */,
			);
			defaultConfigurationIsVisible = 0;
			defaultConfigurationName = Release;
		};
/* End XCConfigurationList section */
	};
	rootObject = 8F3848CD1E2E0E3600804034 /* Project object */;
}
